{
  "originHash" : "8aa45718a0b2f898c8abbc94931f963ca9d2d7e77241fab595c499d066d66d9d",
  "pins" : [
    {
      "identity" : "keyboardshortcuts",
      "kind" : "remoteSourceControl",
      "location" : "https://github.com/sindresorhus/KeyboardShortcuts",
      "state" : {
        "revision" : "ac12762853126cf2e7ad63a6a58e1c9f58c6a0ee",
        "version" : "1.17.0"
      }
    },
    {
      "identity" : "rxswift",
      "kind" : "remoteSourceControl",
      "location" : "https://github.com/ReactiveX/RxSwift",
      "state" : {
        "revision" : "b06a8c8596e4c3e8e7788e08e720e3248563ce6a",
        "version" : "6.7.1"
      }
    },
    {
      "identity" : "sentry-cocoa",
      "kind" : "remoteSourceControl",
      "location" : "https://github.com/getsentry/sentry-cocoa.git",
      "state" : {
        "revision" : "f8d9bc344a052a26f51c8cecec93724b871ef36b",
        "version" : "8.33.0"
      }
    }
  ],
  "version" : 3
}
