PODS:
  - RxCocoa (6.1.0):
    - RxRelay (= 6.1.0)
    - RxSwift (= 6.1.0)
  - RxGesture (4.0.0):
    - RxCocoa (~> 6.0)
    - RxSwift (~> 6.0)
  - RxRelay (6.1.0):
    - RxSwift (= 6.1.0)
  - RxSwift (6.1.0)
  - RxTest (6.1.0):
    - RxSwift (= 6.1.0)

DEPENDENCIES:
  - RxCocoa (~> 6.0)
  - RxGesture (~> 4.0)
  - RxSwift (~> 6.0)
  - RxTest (~> 6.0)

SPEC REPOS:
  trunk:
    - RxCocoa
    - RxGesture
    - RxRelay
    - RxSwift
    - RxTest

SPEC CHECKSUMS:
  RxCocoa: 5c51f02d562cbd94629f6c26cf0c80fe4ab8d343
  RxGesture: b095a86df33d199a33b46a644e7c58bdef8ab035
  RxRelay: 483e1a19fad961b41f0b0c0bee506f46c1ae14fe
  RxSwift: a834e5c538e89eca0cae86f403f4fbf0336786ce
  RxTest: 9d26616eaff4a7e75f4ecae9b2c24840f2e8218d

PODFILE CHECKSUM: 88d4c6b5a17869453b83a86bacd0dae27245e1b2

COCOAPODS: 1.10.1
