<?xml version="1.0" encoding="UTF-8"?>
<Scheme
   LastUpgradeVersion = "1540"
   version = "1.7">
   <BuildAction
      parallelizeBuildables = "YES"
      buildImplicitDependencies = "YES">
      <BuildActionEntries>
         <BuildActionEntry
            buildForTesting = "YES"
            buildForRunning = "YES"
            buildForProfiling = "YES"
            buildForArchiving = "YES"
            buildForAnalyzing = "YES">
            <BuildableReference
               BuildableIdentifier = "primary"
               BlueprintIdentifier = "347D0F9325952F89002451EC"
               BuildableName = "Calendr.app"
               BlueprintName = "Calendr"
               ReferencedContainer = "container:Calendr.xcodeproj">
            </BuildableReference>
         </BuildActionEntry>
         <BuildActionEntry
            buildForTesting = "YES"
            buildForRunning = "NO"
            buildForProfiling = "NO"
            buildForArchiving = "NO"
            buildForAnalyzing = "NO">
            <BuildableReference
               BuildableIdentifier = "primary"
               BlueprintIdentifier = "347D0FA325952F8A002451EC"
               BuildableName = "CalendrTests.xctest"
               BlueprintName = "CalendrTests"
               ReferencedContainer = "container:Calendr.xcodeproj">
            </BuildableReference>
         </BuildActionEntry>
      </BuildActionEntries>
   </BuildAction>
   <TestAction
      buildConfiguration = "Debug"
      selectedDebuggerIdentifier = "Xcode.DebuggerFoundation.Debugger.LLDB"
      selectedLauncherIdentifier = "Xcode.DebuggerFoundation.Launcher.LLDB"
      shouldUseLaunchSchemeArgsEnv = "YES">
      <TestPlans>
         <TestPlanReference
            reference = "container:CalendrTests/UnitTests.xctestplan"
            default = "YES">
         </TestPlanReference>
         <TestPlanReference
            reference = "container:CalendrUITests/UITests.xctestplan">
         </TestPlanReference>
      </TestPlans>
      <Testables>
         <TestableReference
            skipped = "NO">
            <BuildableReference
               BuildableIdentifier = "primary"
               BlueprintIdentifier = "347D0FA325952F8A002451EC"
               BuildableName = "CalendrTests.xctest"
               BlueprintName = "CalendrTests"
               ReferencedContainer = "container:Calendr.xcodeproj">
            </BuildableReference>
         </TestableReference>
         <TestableReference
            skipped = "YES">
            <BuildableReference
               BuildableIdentifier = "primary"
               BlueprintIdentifier = "34427696269B5CA4004CFE1C"
               BuildableName = "CalendrUITests.xctest"
               BlueprintName = "CalendrUITests"
               ReferencedContainer = "container:Calendr.xcodeproj">
            </BuildableReference>
            <SelectedTests>
               <Test
                  Identifier = "CalendarViewTests/testDate_withDownArrowTapped_shouldSelectNextWeek()">
               </Test>
               <Test
                  Identifier = "CalendarViewTests/testDate_withInitialState_shouldDisplayEventDots()">
               </Test>
               <Test
                  Identifier = "CalendarViewTests/testDate_withLeftArrowTapped_shouldSelectPreviousDate()">
               </Test>
               <Test
                  Identifier = "CalendarViewTests/testDate_withMouseHovered_shouldHoverDate()">
               </Test>
               <Test
                  Identifier = "CalendarViewTests/testDate_withNextMonthDateSelected_shouldDisplayNextMonth()">
               </Test>
               <Test
                  Identifier = "CalendarViewTests/testDate_withPreviousMonthDateSelected_shouldDisplayPreviousMonth()">
               </Test>
               <Test
                  Identifier = "CalendarViewTests/testDate_withRightArrowTapped_shouldSelectPreviousDate()">
               </Test>
               <Test
                  Identifier = "CalendarViewTests/testDate_withUpArrowTapped_shouldSelectPreviousWeek()">
               </Test>
               <Test
                  Identifier = "CalendarViewTests/testMonth_withInitialState_shouldDisplayInitialMonth()">
               </Test>
               <Test
                  Identifier = "CalendarViewTests/testMonth_withNextButtonClicked_shouldDisplayNextMonth()">
               </Test>
               <Test
                  Identifier = "CalendarViewTests/testMonth_withPrevButton_shouldDisplayPreviousMonth()">
               </Test>
               <Test
                  Identifier = "CalendarViewTests/testMonth_withResetButtonClicked_shouldDisplayInitialMonth()">
               </Test>
               <Test
                  Identifier = "CalendarViewTests/testWeekDays()">
               </Test>
               <Test
                  Identifier = "CalendarViewTests/testWeekNumbers()">
               </Test>
               <Test
                  Identifier = "CalendrUITests/testForever()">
               </Test>
               <Test
                  Identifier = "DummyTest/testForever()">
               </Test>
               <Test
                  Identifier = "MainViewTests/testMainStatusItemClicked_ShouldDisplayMainView()">
               </Test>
            </SelectedTests>
         </TestableReference>
      </Testables>
   </TestAction>
   <LaunchAction
      buildConfiguration = "Debug"
      selectedDebuggerIdentifier = "Xcode.DebuggerFoundation.Debugger.LLDB"
      selectedLauncherIdentifier = "Xcode.DebuggerFoundation.Launcher.LLDB"
      launchStyle = "0"
      useCustomWorkingDirectory = "NO"
      ignoresPersistentStateOnLaunch = "NO"
      debugDocumentVersioning = "YES"
      debugServiceExtension = "internal"
      allowLocationSimulation = "YES">
      <BuildableProductRunnable
         runnableDebuggingMode = "0">
         <BuildableReference
            BuildableIdentifier = "primary"
            BlueprintIdentifier = "347D0F9325952F89002451EC"
            BuildableName = "Calendr.app"
            BlueprintName = "Calendr"
            ReferencedContainer = "container:Calendr.xcodeproj">
         </BuildableReference>
      </BuildableProductRunnable>
   </LaunchAction>
   <ProfileAction
      buildConfiguration = "Release"
      shouldUseLaunchSchemeArgsEnv = "YES"
      savedToolIdentifier = ""
      useCustomWorkingDirectory = "NO"
      debugDocumentVersioning = "YES">
      <MacroExpansion>
         <BuildableReference
            BuildableIdentifier = "primary"
            BlueprintIdentifier = "347D0F9325952F89002451EC"
            BuildableName = "Calendr.app"
            BlueprintName = "Calendr"
            ReferencedContainer = "container:Calendr.xcodeproj">
         </BuildableReference>
      </MacroExpansion>
   </ProfileAction>
   <AnalyzeAction
      buildConfiguration = "Debug">
   </AnalyzeAction>
   <ArchiveAction
      buildConfiguration = "Release"
      revealArchiveInOrganizer = "YES">
   </ArchiveAction>
</Scheme>
