// !$*UTF8*$!
{
	archiveVersion = 1;
	classes = {
	};
	objectVersion = 71;
	objects = {

/* Begin PBXBuildFile section */
		3418207E26755CC80075B3DC /* RxSwift in Frameworks */ = {isa = PBXBuildFile; productRef = 3418207D26755CC80075B3DC /* RxSwift */; };
		3418208026755CC80075B3DC /* RxTest in Frameworks */ = {isa = PBXBuildFile; productRef = 3418207F26755CC80075B3DC /* RxTest */; };
		3418208426755CC80075B3DC /* RxCocoa in Frameworks */ = {isa = PBXBuildFile; productRef = 3418208326755CC80075B3DC /* RxCocoa */; };
		342AEE412DFF35F2008CBBE0 /* Collections in Frameworks */ = {isa = PBXBuildFile; productRef = 342AEE402DFF35F2008CBBE0 /* Collections */; };
		3477E70C2C67A6A9008D3844 /* Sentry in Frameworks */ = {isa = PBXBuildFile; productRef = 3477E70B2C67A6A9008D3844 /* Sentry */; };
		34DA13C52EDA20480031F8FF /* Clocks in Frameworks */ = {isa = PBXBuildFile; productRef = 34DA13C42EDA20480031F8FF /* Clocks */; };
		34E259832B659B5600074D3A /* KeyboardShortcuts in Frameworks */ = {isa = PBXBuildFile; productRef = 34E259822B659B5600074D3A /* KeyboardShortcuts */; };
		34E8556D2C711D1A00757B58 /* ZIPFoundation in Frameworks */ = {isa = PBXBuildFile; productRef = 34E8556C2C711D1A00757B58 /* ZIPFoundation */; };
/* End PBXBuildFile section */

/* Begin PBXContainerItemProxy section */
		3442769C269B5CA4004CFE1C /* PBXContainerItemProxy */ = {
			isa = PBXContainerItemProxy;
			containerPortal = 347D0F8C25952F89002451EC /* Project object */;
			proxyType = 1;
			remoteGlobalIDString = 347D0F9325952F89002451EC;
			remoteInfo = Calendr;
		};
		347D0FA525952F8A002451EC /* PBXContainerItemProxy */ = {
			isa = PBXContainerItemProxy;
			containerPortal = 347D0F8C25952F89002451EC /* Project object */;
			proxyType = 1;
			remoteGlobalIDString = 347D0F9325952F89002451EC;
			remoteInfo = Calendr;
		};
/* End PBXContainerItemProxy section */

/* Begin PBXFileReference section */
		34427697269B5CA4004CFE1C /* CalendrUITests.xctest */ = {isa = PBXFileReference; explicitFileType = wrapper.cfbundle; includeInIndex = 0; path = CalendrUITests.xctest; sourceTree = BUILT_PRODUCTS_DIR; };
		347D0F9425952F89002451EC /* Calendr.app */ = {isa = PBXFileReference; explicitFileType = wrapper.application; includeInIndex = 0; path = Calendr.app; sourceTree = BUILT_PRODUCTS_DIR; };
		347D0FA425952F8A002451EC /* CalendrTests.xctest */ = {isa = PBXFileReference; explicitFileType = wrapper.cfbundle; includeInIndex = 0; path = CalendrTests.xctest; sourceTree = BUILT_PRODUCTS_DIR; };
/* End PBXFileReference section */

/* Begin PBXFileSystemSynchronizedBuildFileExceptionSet section */
		343F1B2E2F534401000BFD2E /* PBXFileSystemSynchronizedBuildFileExceptionSet */ = {
			isa = PBXFileSystemSynchronizedBuildFileExceptionSet;
			membershipExceptions = (
				Config/Config.local.xcconfig,
				Config/Config.xcconfig,
				Config/Info.plist,
				Config/swiftgen.yml,
				Tools/SyncLocalizations.swift,
			);
			target = 347D0F9325952F89002451EC /* Calendr */;
		};
		343F1B2F2F534401000BFD2E /* PBXFileSystemSynchronizedBuildFileExceptionSet */ = {
			isa = PBXFileSystemSynchronizedBuildFileExceptionSet;
			membershipExceptions = (
				Constants/Accessibility.swift,
			);
			target = 34427696269B5CA4004CFE1C /* CalendrUITests */;
		};
		343F1B3F2F53446E000BFD2E /* PBXFileSystemSynchronizedBuildFileExceptionSet */ = {
			isa = PBXFileSystemSynchronizedBuildFileExceptionSet;
			membershipExceptions = (
				Info.plist,
				UITests.xctestplan,
			);
			target = 34427696269B5CA4004CFE1C /* CalendrUITests */;
		};
		343F1B8B2F53453B000BFD2E /* PBXFileSystemSynchronizedBuildFileExceptionSet */ = {
			isa = PBXFileSystemSynchronizedBuildFileExceptionSet;
			membershipExceptions = (
				Info.plist,
				UnitTests.xctestplan,
			);
			target = 347D0FA325952F8A002451EC /* CalendrTests */;
		};
/* End PBXFileSystemSynchronizedBuildFileExceptionSet section */

/* Begin PBXFileSystemSynchronizedRootGroup section */
		343F1A782F534401000BFD2E /* Calendr */ = {isa = PBXFileSystemSynchronizedRootGroup; exceptions = (343F1B2E2F534401000BFD2E /* PBXFileSystemSynchronizedBuildFileExceptionSet */, 343F1B2F2F534401000BFD2E /* PBXFileSystemSynchronizedBuildFileExceptionSet */, ); explicitFileTypes = {}; explicitFolders = (); path = Calendr; sourceTree = "<group>"; };
		343F1B372F53446E000BFD2E /* CalendrUITests */ = {isa = PBXFileSystemSynchronizedRootGroup; exceptions = (343F1B3F2F53446E000BFD2E /* PBXFileSystemSynchronizedBuildFileExceptionSet */, ); explicitFileTypes = {}; explicitFolders = (); path = CalendrUITests; sourceTree = "<group>"; };
		343F1B662F53453B000BFD2E /* CalendrTests */ = {isa = PBXFileSystemSynchronizedRootGroup; exceptions = (343F1B8B2F53453B000BFD2E /* PBXFileSystemSynchronizedBuildFileExceptionSet */, ); explicitFileTypes = {}; explicitFolders = (); path = CalendrTests; sourceTree = "<group>"; };
/* End PBXFileSystemSynchronizedRootGroup section */

/* Begin PBXFrameworksBuildPhase section */
		34427694269B5CA4004CFE1C /* Frameworks */ = {
			isa = PBXFrameworksBuildPhase;
			buildActionMask = 2147483647;
			files = (
			);
			runOnlyForDeploymentPostprocessing = 0;
		};
		347D0F9125952F89002451EC /* Frameworks */ = {
			isa = PBXFrameworksBuildPhase;
			buildActionMask = 2147483647;
			files = (
				342AEE412DFF35F2008CBBE0 /* Collections in Frameworks */,
				3418208426755CC80075B3DC /* RxCocoa in Frameworks */,
				3418207E26755CC80075B3DC /* RxSwift in Frameworks */,
				34E259832B659B5600074D3A /* KeyboardShortcuts in Frameworks */,
				34DA13C52EDA20480031F8FF /* Clocks in Frameworks */,
				3477E70C2C67A6A9008D3844 /* Sentry in Frameworks */,
				34E8556D2C711D1A00757B58 /* ZIPFoundation in Frameworks */,
			);
			runOnlyForDeploymentPostprocessing = 0;
		};
		347D0FA125952F8A002451EC /* Frameworks */ = {
			isa = PBXFrameworksBuildPhase;
			buildActionMask = 2147483647;
			files = (
				3418208026755CC80075B3DC /* RxTest in Frameworks */,
			);
			runOnlyForDeploymentPostprocessing = 0;
		};
/* End PBXFrameworksBuildPhase section */

/* Begin PBXGroup section */
		347D0F8B25952F89002451EC = {
			isa = PBXGroup;
			children = (
				343F1A782F534401000BFD2E /* Calendr */,
				343F1B662F53453B000BFD2E /* CalendrTests */,
				343F1B372F53446E000BFD2E /* CalendrUITests */,
				347D0F9525952F89002451EC /* Products */,
			);
			sourceTree = "<group>";
		};
		347D0F9525952F89002451EC /* Products */ = {
			isa = PBXGroup;
			children = (
				347D0F9425952F89002451EC /* Calendr.app */,
				347D0FA425952F8A002451EC /* CalendrTests.xctest */,
				34427697269B5CA4004CFE1C /* CalendrUITests.xctest */,
			);
			name = Products;
			sourceTree = "<group>";
		};
/* End PBXGroup section */

/* Begin PBXNativeTarget section */
		34427696269B5CA4004CFE1C /* CalendrUITests */ = {
			isa = PBXNativeTarget;
			buildConfigurationList = 3442769E269B5CA4004CFE1C /* Build configuration list for PBXNativeTarget "CalendrUITests" */;
			buildPhases = (
				34427693269B5CA4004CFE1C /* Sources */,
				34427694269B5CA4004CFE1C /* Frameworks */,
				34427695269B5CA4004CFE1C /* Resources */,
			);
			buildRules = (
			);
			dependencies = (
				3442769D269B5CA4004CFE1C /* PBXTargetDependency */,
			);
			fileSystemSynchronizedGroups = (
				343F1B372F53446E000BFD2E /* CalendrUITests */,
			);
			name = CalendrUITests;
			productName = CalendrUITests;
			productReference = 34427697269B5CA4004CFE1C /* CalendrUITests.xctest */;
			productType = "com.apple.product-type.bundle.ui-testing";
		};
		347D0F9325952F89002451EC /* Calendr */ = {
			isa = PBXNativeTarget;
			buildConfigurationList = 347D0FB825952F8A002451EC /* Build configuration list for PBXNativeTarget "Calendr" */;
			buildPhases = (
				345E93BB2CA064A00048EEA4 /* SyncLocalizations */,
				34651EFA25E1B10000518C5A /* SwiftGen */,
				347D0F9025952F89002451EC /* Sources */,
				347D0F9125952F89002451EC /* Frameworks */,
				347D0F9225952F89002451EC /* Resources */,
			);
			buildRules = (
			);
			dependencies = (
			);
			fileSystemSynchronizedGroups = (
				343F1A782F534401000BFD2E /* Calendr */,
			);
			name = Calendr;
			packageProductDependencies = (
				3418207D26755CC80075B3DC /* RxSwift */,
				3418208326755CC80075B3DC /* RxCocoa */,
				34E259822B659B5600074D3A /* KeyboardShortcuts */,
				3477E70B2C67A6A9008D3844 /* Sentry */,
				34E8556C2C711D1A00757B58 /* ZIPFoundation */,
				342AEE402DFF35F2008CBBE0 /* Collections */,
				34DA13C42EDA20480031F8FF /* Clocks */,
			);
			productName = Calendr;
			productReference = 347D0F9425952F89002451EC /* Calendr.app */;
			productType = "com.apple.product-type.application";
		};
		347D0FA325952F8A002451EC /* CalendrTests */ = {
			isa = PBXNativeTarget;
			buildConfigurationList = 347D0FBB25952F8A002451EC /* Build configuration list for PBXNativeTarget "CalendrTests" */;
			buildPhases = (
				347D0FA025952F8A002451EC /* Sources */,
				347D0FA125952F8A002451EC /* Frameworks */,
				347D0FA225952F8A002451EC /* Resources */,
			);
			buildRules = (
			);
			dependencies = (
				347D0FA625952F8A002451EC /* PBXTargetDependency */,
			);
			fileSystemSynchronizedGroups = (
				343F1B662F53453B000BFD2E /* CalendrTests */,
			);
			name = CalendrTests;
			packageProductDependencies = (
				3418207F26755CC80075B3DC /* RxTest */,
			);
			productName = CalendrTests;
			productReference = 347D0FA425952F8A002451EC /* CalendrTests.xctest */;
			productType = "com.apple.product-type.bundle.unit-test";
		};
/* End PBXNativeTarget section */

/* Begin PBXProject section */
		347D0F8C25952F89002451EC /* Project object */ = {
			isa = PBXProject;
			attributes = {
				BuildIndependentTargetsInParallel = YES;
				LastSwiftUpdateCheck = 1250;
				LastUpgradeCheck = 2640;
				TargetAttributes = {
					34427696269B5CA4004CFE1C = {
						CreatedOnToolsVersion = 12.5.1;
						TestTargetID = 347D0F9325952F89002451EC;
					};
					347D0F9325952F89002451EC = {
						CreatedOnToolsVersion = 12.3;
						LastSwiftMigration = 1240;
					};
					347D0FA325952F8A002451EC = {
						CreatedOnToolsVersion = 12.3;
						TestTargetID = 347D0F9325952F89002451EC;
					};
				};
			};
			buildConfigurationList = 347D0F8F25952F89002451EC /* Build configuration list for PBXProject "Calendr" */;
			compatibilityVersion = "Xcode 9.3";
			developmentRegion = en;
			hasScannedForEncodings = 0;
			knownRegions = (
				en,
				pt,
				pl,
				fr,
				Base,
				es,
				de,
				it,
				"zh-Hans",
				cs,
				sk,
				sv,
				"zh-Hant-TW",
				ja,
				ko,
				sq,
				el,
				ru,
				tr,
				uk,
				he,
				nl,
			);
			mainGroup = 347D0F8B25952F89002451EC;
			packageReferences = (
				3418207C26755CC80075B3DC /* XCRemoteSwiftPackageReference "RxSwift" */,
				34E259812B659B5600074D3A /* XCRemoteSwiftPackageReference "KeyboardShortcuts" */,
				3477E70A2C67A6A9008D3844 /* XCRemoteSwiftPackageReference "sentry-cocoa" */,
				34E8556B2C711D1A00757B58 /* XCRemoteSwiftPackageReference "ZIPFoundation" */,
				342AEE3F2DFF35F2008CBBE0 /* XCRemoteSwiftPackageReference "swift-collections" */,
				34DA13C32EDA20480031F8FF /* XCRemoteSwiftPackageReference "swift-clocks" */,
			);
			productRefGroup = 347D0F9525952F89002451EC /* Products */;
			projectDirPath = "";
			projectRoot = "";
			targets = (
				347D0F9325952F89002451EC /* Calendr */,
				347D0FA325952F8A002451EC /* CalendrTests */,
				34427696269B5CA4004CFE1C /* CalendrUITests */,
			);
		};
/* End PBXProject section */

/* Begin PBXResourcesBuildPhase section */
		34427695269B5CA4004CFE1C /* Resources */ = {
			isa = PBXResourcesBuildPhase;
			buildActionMask = 2147483647;
			files = (
			);
			runOnlyForDeploymentPostprocessing = 0;
		};
		347D0F9225952F89002451EC /* Resources */ = {
			isa = PBXResourcesBuildPhase;
			buildActionMask = 2147483647;
			files = (
			);
			runOnlyForDeploymentPostprocessing = 0;
		};
		347D0FA225952F8A002451EC /* Resources */ = {
			isa = PBXResourcesBuildPhase;
			buildActionMask = 2147483647;
			files = (
			);
			runOnlyForDeploymentPostprocessing = 0;
		};
/* End PBXResourcesBuildPhase section */

/* Begin PBXShellScriptBuildPhase section */
		345E93BB2CA064A00048EEA4 /* SyncLocalizations */ = {
			isa = PBXShellScriptBuildPhase;
			buildActionMask = 2147483647;
			files = (
			);
			inputFileListPaths = (
			);
			inputPaths = (
				"${SRCROOT}/${TARGET_NAME}/Tools/SyncLocalizations.swift",
				"${SRCROOT}/${TARGET_NAME}/Assets/en.lproj/Localizable.strings",
			);
			name = SyncLocalizations;
			outputFileListPaths = (
			);
			outputPaths = (
				"${SRCROOT}/MISSING_TRANSLATIONS.md",
				"${SRCROOT}/${TARGET_NAME}/Assets/de.lproj/Localizable.strings",
				"${SRCROOT}/${TARGET_NAME}/Assets/zh-Hans.lproj/Localizable.strings",
				"${SRCROOT}/${TARGET_NAME}/Assets/zh-Hant-TW.lproj/Localizable.strings",
				"${SRCROOT}/${TARGET_NAME}/Assets/es.lproj/Localizable.strings",
				"${SRCROOT}/${TARGET_NAME}/Assets/it.lproj/Localizable.strings",
				"${SRCROOT}/${TARGET_NAME}/Assets/sk.lproj/Localizable.strings",
				"${SRCROOT}/${TARGET_NAME}/Assets/sv.lproj/Localizable.strings",
				"${SRCROOT}/${TARGET_NAME}/Assets/cs.lproj/Localizable.strings",
				"${SRCROOT}/${TARGET_NAME}/Assets/fr.lproj/Localizable.strings",
				"${SRCROOT}/${TARGET_NAME}/Assets/pt.lproj/Localizable.strings",
				"${SRCROOT}/${TARGET_NAME}/Assets/pl.lproj/Localizable.strings",
				"${SRCROOT}/${TARGET_NAME}/Assets/ja.lproj/Localizable.strings",
				"${SRCROOT}/${TARGET_NAME}/Assets/ko.lproj/Localizable.strings",
				"${SRCROOT}/${TARGET_NAME}/Assets/el.lproj/Localizable.strings",
				"${SRCROOT}/${TARGET_NAME}/Assets/sq.lproj/Localizable.strings",
				"${SRCROOT}/${TARGET_NAME}/Assets/ru.lproj/Localizable.strings",
				"${SRCROOT}/${TARGET_NAME}/Assets/tr.lproj/Localizable.strings",
				"${SRCROOT}/${TARGET_NAME}/Assets/uk.lproj/Localizable.strings",
				"${SRCROOT}/${TARGET_NAME}/Assets/he.lproj/Localizable.strings",
				"${SRCROOT}/${TARGET_NAME}/Assets/nl.lproj/Localizable.strings",
			);
			runOnlyForDeploymentPostprocessing = 0;
			shellPath = /bin/sh;
			shellScript = "if [[ -z $CI ]]; then\n    swift \"${SRCROOT}/${TARGET_NAME}/Tools/SyncLocalizations.swift\"\nfi\n";
		};
		34651EFA25E1B10000518C5A /* SwiftGen */ = {
			isa = PBXShellScriptBuildPhase;
			buildActionMask = 2147483647;
			files = (
			);
			inputFileListPaths = (
			);
			inputPaths = (
				"${SRCROOT}/${TARGET_NAME}/Assets/en.lproj/Localizable.strings",
				"${SRCROOT}/${TARGET_NAME}/Config/swiftgen.yml",
			);
			name = SwiftGen;
			outputFileListPaths = (
			);
			outputPaths = (
				"${SRCROOT}/${TARGET_NAME}/Constants/Strings.generated.swift",
			);
			runOnlyForDeploymentPostprocessing = 0;
			shellPath = /bin/sh;
			shellScript = "if [[ -z $CI ]]; then\n    PATH=$PATH:/opt/homebrew/bin\n    if ! [ -x \"$(command -v swiftgen)\" ]; then\n        echo \"error: Please install SwiftGen\"\n        exit -1\n    fi\n    swiftgen --config \"Calendr/Config/swiftgen.yml\"\nfi\n";
		};
/* End PBXShellScriptBuildPhase section */

/* Begin PBXSourcesBuildPhase section */
		34427693269B5CA4004CFE1C /* Sources */ = {
			isa = PBXSourcesBuildPhase;
			buildActionMask = 2147483647;
			files = (
			);
			runOnlyForDeploymentPostprocessing = 0;
		};
		347D0F9025952F89002451EC /* Sources */ = {
			isa = PBXSourcesBuildPhase;
			buildActionMask = 2147483647;
			files = (
			);
			runOnlyForDeploymentPostprocessing = 0;
		};
		347D0FA025952F8A002451EC /* Sources */ = {
			isa = PBXSourcesBuildPhase;
			buildActionMask = 2147483647;
			files = (
			);
			runOnlyForDeploymentPostprocessing = 0;
		};
/* End PBXSourcesBuildPhase section */

/* Begin PBXTargetDependency section */
		3442769D269B5CA4004CFE1C /* PBXTargetDependency */ = {
			isa = PBXTargetDependency;
			target = 347D0F9325952F89002451EC /* Calendr */;
			targetProxy = 3442769C269B5CA4004CFE1C /* PBXContainerItemProxy */;
		};
		347D0FA625952F8A002451EC /* PBXTargetDependency */ = {
			isa = PBXTargetDependency;
			target = 347D0F9325952F89002451EC /* Calendr */;
			targetProxy = 347D0FA525952F8A002451EC /* PBXContainerItemProxy */;
		};
/* End PBXTargetDependency section */

/* Begin XCBuildConfiguration section */
		3442769F269B5CA4004CFE1C /* Debug */ = {
			isa = XCBuildConfiguration;
			buildSettings = {
				CODE_SIGN_STYLE = Automatic;
				COMBINE_HIDPI_IMAGES = YES;
				DEAD_CODE_STRIPPING = YES;
				INFOPLIST_FILE = CalendrUITests/Info.plist;
				LD_RUNPATH_SEARCH_PATHS = (
					"$(inherited)",
					"@executable_path/../Frameworks",
					"@loader_path/../Frameworks",
				);
				PRODUCT_BUNDLE_IDENTIFIER = br.paker.CalendrUITests;
				PRODUCT_NAME = "$(TARGET_NAME)";
				SWIFT_VERSION = 5.0;
				TEST_TARGET_NAME = Calendr;
			};
			name = Debug;
		};
		344276A0269B5CA4004CFE1C /* Release */ = {
			isa = XCBuildConfiguration;
			buildSettings = {
				CODE_SIGN_STYLE = Automatic;
				COMBINE_HIDPI_IMAGES = YES;
				DEAD_CODE_STRIPPING = YES;
				INFOPLIST_FILE = CalendrUITests/Info.plist;
				LD_RUNPATH_SEARCH_PATHS = (
					"$(inherited)",
					"@executable_path/../Frameworks",
					"@loader_path/../Frameworks",
				);
				PRODUCT_BUNDLE_IDENTIFIER = br.paker.CalendrUITests;
				PRODUCT_NAME = "$(TARGET_NAME)";
				SWIFT_VERSION = 5.0;
				TEST_TARGET_NAME = Calendr;
			};
			name = Release;
		};
		347D0FB625952F8A002451EC /* Debug */ = {
			isa = XCBuildConfiguration;
			buildSettings = {
				ALWAYS_SEARCH_USER_PATHS = NO;
				CLANG_ANALYZER_LOCALIZABILITY_NONLOCALIZED = YES;
				CLANG_ANALYZER_NONNULL = YES;
				CLANG_ANALYZER_NUMBER_OBJECT_CONVERSION = YES_AGGRESSIVE;
				CLANG_CXX_LANGUAGE_STANDARD = "gnu++14";
				CLANG_CXX_LIBRARY = "libc++";
				CLANG_ENABLE_MODULES = YES;
				CLANG_ENABLE_OBJC_ARC = YES;
				CLANG_ENABLE_OBJC_WEAK = YES;
				CLANG_WARN_BLOCK_CAPTURE_AUTORELEASING = YES;
				CLANG_WARN_BOOL_CONVERSION = YES;
				CLANG_WARN_COMMA = YES;
				CLANG_WARN_CONSTANT_CONVERSION = YES;
				CLANG_WARN_DEPRECATED_OBJC_IMPLEMENTATIONS = YES;
				CLANG_WARN_DIRECT_OBJC_ISA_USAGE = YES_ERROR;
				CLANG_WARN_DOCUMENTATION_COMMENTS = YES;
				CLANG_WARN_EMPTY_BODY = YES;
				CLANG_WARN_ENUM_CONVERSION = YES;
				CLANG_WARN_INFINITE_RECURSION = YES;
				CLANG_WARN_INT_CONVERSION = YES;
				CLANG_WARN_NON_LITERAL_NULL_CONVERSION = YES;
				CLANG_WARN_OBJC_IMPLICIT_RETAIN_SELF = YES;
				CLANG_WARN_OBJC_LITERAL_CONVERSION = YES;
				CLANG_WARN_OBJC_ROOT_CLASS = YES_ERROR;
				CLANG_WARN_QUOTED_INCLUDE_IN_FRAMEWORK_HEADER = YES;
				CLANG_WARN_RANGE_LOOP_ANALYSIS = YES;
				CLANG_WARN_STRICT_PROTOTYPES = YES;
				CLANG_WARN_SUSPICIOUS_MOVE = YES;
				CLANG_WARN_UNGUARDED_AVAILABILITY = YES_AGGRESSIVE;
				CLANG_WARN_UNREACHABLE_CODE = YES;
				CLANG_WARN__DUPLICATE_METHOD_MATCH = YES;
				COPY_PHASE_STRIP = NO;
				DEAD_CODE_STRIPPING = YES;
				DEBUG_INFORMATION_FORMAT = dwarf;
				DEVELOPMENT_TEAM = 32973VC289;
				ENABLE_STRICT_OBJC_MSGSEND = YES;
				ENABLE_TESTABILITY = YES;
				ENABLE_USER_SCRIPT_SANDBOXING = YES;
				GCC_C_LANGUAGE_STANDARD = gnu11;
				GCC_DYNAMIC_NO_PIC = NO;
				GCC_NO_COMMON_BLOCKS = YES;
				GCC_OPTIMIZATION_LEVEL = 0;
				GCC_PREPROCESSOR_DEFINITIONS = (
					"DEBUG=1",
					"$(inherited)",
				);
				GCC_WARN_64_TO_32_BIT_CONVERSION = YES;
				GCC_WARN_ABOUT_RETURN_TYPE = YES_ERROR;
				GCC_WARN_UNDECLARED_SELECTOR = YES;
				GCC_WARN_UNINITIALIZED_AUTOS = YES_AGGRESSIVE;
				GCC_WARN_UNUSED_FUNCTION = YES;
				GCC_WARN_UNUSED_VARIABLE = YES;
				MACOSX_DEPLOYMENT_TARGET = 14.0;
				MTL_ENABLE_DEBUG_INFO = INCLUDE_SOURCE;
				MTL_FAST_MATH = YES;
				ONLY_ACTIVE_ARCH = YES;
				SDKROOT = macosx;
				SWIFT_ACTIVE_COMPILATION_CONDITIONS = DEBUG;
				SWIFT_OPTIMIZATION_LEVEL = "-Onone";
			};
			name = Debug;
		};
		347D0FB725952F8A002451EC /* Release */ = {
			isa = XCBuildConfiguration;
			buildSettings = {
				ALWAYS_SEARCH_USER_PATHS = NO;
				CLANG_ANALYZER_LOCALIZABILITY_NONLOCALIZED = YES;
				CLANG_ANALYZER_NONNULL = YES;
				CLANG_ANALYZER_NUMBER_OBJECT_CONVERSION = YES_AGGRESSIVE;
				CLANG_CXX_LANGUAGE_STANDARD = "gnu++14";
				CLANG_CXX_LIBRARY = "libc++";
				CLANG_ENABLE_MODULES = YES;
				CLANG_ENABLE_OBJC_ARC = YES;
				CLANG_ENABLE_OBJC_WEAK = YES;
				CLANG_WARN_BLOCK_CAPTURE_AUTORELEASING = YES;
				CLANG_WARN_BOOL_CONVERSION = YES;
				CLANG_WARN_COMMA = YES;
				CLANG_WARN_CONSTANT_CONVERSION = YES;
				CLANG_WARN_DEPRECATED_OBJC_IMPLEMENTATIONS = YES;
				CLANG_WARN_DIRECT_OBJC_ISA_USAGE = YES_ERROR;
				CLANG_WARN_DOCUMENTATION_COMMENTS = YES;
				CLANG_WARN_EMPTY_BODY = YES;
				CLANG_WARN_ENUM_CONVERSION = YES;
				CLANG_WARN_INFINITE_RECURSION = YES;
				CLANG_WARN_INT_CONVERSION = YES;
				CLANG_WARN_NON_LITERAL_NULL_CONVERSION = YES;
				CLANG_WARN_OBJC_IMPLICIT_RETAIN_SELF = YES;
				CLANG_WARN_OBJC_LITERAL_CONVERSION = YES;
				CLANG_WARN_OBJC_ROOT_CLASS = YES_ERROR;
				CLANG_WARN_QUOTED_INCLUDE_IN_FRAMEWORK_HEADER = YES;
				CLANG_WARN_RANGE_LOOP_ANALYSIS = YES;
				CLANG_WARN_STRICT_PROTOTYPES = YES;
				CLANG_WARN_SUSPICIOUS_MOVE = YES;
				CLANG_WARN_UNGUARDED_AVAILABILITY = YES_AGGRESSIVE;
				CLANG_WARN_UNREACHABLE_CODE = YES;
				CLANG_WARN__DUPLICATE_METHOD_MATCH = YES;
				COPY_PHASE_STRIP = NO;
				DEAD_CODE_STRIPPING = YES;
				DEBUG_INFORMATION_FORMAT = "dwarf-with-dsym";
				DEVELOPMENT_TEAM = 32973VC289;
				ENABLE_NS_ASSERTIONS = NO;
				ENABLE_STRICT_OBJC_MSGSEND = YES;
				ENABLE_USER_SCRIPT_SANDBOXING = YES;
				GCC_C_LANGUAGE_STANDARD = gnu11;
				GCC_NO_COMMON_BLOCKS = YES;
				GCC_WARN_64_TO_32_BIT_CONVERSION = YES;
				GCC_WARN_ABOUT_RETURN_TYPE = YES_ERROR;
				GCC_WARN_UNDECLARED_SELECTOR = YES;
				GCC_WARN_UNINITIALIZED_AUTOS = YES_AGGRESSIVE;
				GCC_WARN_UNUSED_FUNCTION = YES;
				GCC_WARN_UNUSED_VARIABLE = YES;
				MACOSX_DEPLOYMENT_TARGET = 14.0;
				MTL_ENABLE_DEBUG_INFO = NO;
				MTL_FAST_MATH = YES;
				SDKROOT = macosx;
				SWIFT_COMPILATION_MODE = wholemodule;
				SWIFT_OPTIMIZATION_LEVEL = "-O";
			};
			name = Release;
		};
		347D0FB925952F8A002451EC /* Debug */ = {
			isa = XCBuildConfiguration;
			baseConfigurationReferenceAnchor = 343F1A782F534401000BFD2E /* Calendr */;
			baseConfigurationReferenceRelativePath = Config/Config.xcconfig;
			buildSettings = {
				ASSETCATALOG_COMPILER_APPICON_NAME = AppIcon;
				AUTOMATION_APPLE_EVENTS = YES;
				CLANG_ENABLE_MODULES = YES;
				CODE_SIGN_ENTITLEMENTS = Calendr/Config/Calendr.entitlements;
				CODE_SIGN_IDENTITY = "-";
				"CODE_SIGN_IDENTITY[sdk=macosx*]" = "Apple Development";
				CODE_SIGN_STYLE = Automatic;
				COMBINE_HIDPI_IMAGES = YES;
				CURRENT_PROJECT_VERSION = 1;
				DEAD_CODE_STRIPPING = YES;
				ENABLE_APP_SANDBOX = YES;
				ENABLE_HARDENED_RUNTIME = YES;
				ENABLE_OUTGOING_NETWORK_CONNECTIONS = YES;
				ENABLE_RESOURCE_ACCESS_CALENDARS = YES;
				ENABLE_USER_SELECTED_FILES = readwrite;
				INFOPLIST_FILE = Calendr/Config/Info.plist;
				LD_RUNPATH_SEARCH_PATHS = (
					"$(inherited)",
					"@executable_path/../Frameworks",
				);
				MARKETING_VERSION = 1.20.7;
				PRODUCT_BUNDLE_IDENTIFIER = br.paker.Calendr;
				PRODUCT_NAME = "$(TARGET_NAME)";
				SWIFT_OBJC_BRIDGING_HEADER = "Calendr/ObjC/Calendr-Bridging-Header.h";
				SWIFT_OPTIMIZATION_LEVEL = "-Onone";
				SWIFT_VERSION = 5.0;
			};
			name = Debug;
		};
		347D0FBA25952F8A002451EC /* Release */ = {
			isa = XCBuildConfiguration;
			baseConfigurationReferenceAnchor = 343F1A782F534401000BFD2E /* Calendr */;
			baseConfigurationReferenceRelativePath = Config/Config.xcconfig;
			buildSettings = {
				ASSETCATALOG_COMPILER_APPICON_NAME = AppIcon;
				AUTOMATION_APPLE_EVENTS = YES;
				CLANG_ENABLE_MODULES = YES;
				CODE_SIGN_ENTITLEMENTS = Calendr/Config/Calendr.entitlements;
				CODE_SIGN_IDENTITY = "-";
				"CODE_SIGN_IDENTITY[sdk=macosx*]" = "Apple Development";
				CODE_SIGN_STYLE = Automatic;
				COMBINE_HIDPI_IMAGES = YES;
				CURRENT_PROJECT_VERSION = 1;
				DEAD_CODE_STRIPPING = YES;
				ENABLE_APP_SANDBOX = YES;
				ENABLE_HARDENED_RUNTIME = YES;
				ENABLE_OUTGOING_NETWORK_CONNECTIONS = YES;
				ENABLE_RESOURCE_ACCESS_CALENDARS = YES;
				ENABLE_USER_SELECTED_FILES = readwrite;
				INFOPLIST_FILE = Calendr/Config/Info.plist;
				LD_RUNPATH_SEARCH_PATHS = (
					"$(inherited)",
					"@executable_path/../Frameworks",
				);
				MARKETING_VERSION = 1.20.7;
				PRODUCT_BUNDLE_IDENTIFIER = br.paker.Calendr;
				PRODUCT_NAME = "$(TARGET_NAME)";
				SWIFT_OBJC_BRIDGING_HEADER = "Calendr/ObjC/Calendr-Bridging-Header.h";
				SWIFT_VERSION = 5.0;
			};
			name = Release;
		};
		347D0FBC25952F8A002451EC /* Debug */ = {
			isa = XCBuildConfiguration;
			buildSettings = {
				BUNDLE_LOADER = "$(TEST_HOST)";
				CODE_SIGN_IDENTITY = "Apple Development";
				"CODE_SIGN_IDENTITY[sdk=macosx*]" = "Apple Development";
				CODE_SIGN_STYLE = Automatic;
				COMBINE_HIDPI_IMAGES = YES;
				DEAD_CODE_STRIPPING = YES;
				INFOPLIST_FILE = CalendrTests/Info.plist;
				LD_RUNPATH_SEARCH_PATHS = (
					"$(inherited)",
					"@executable_path/../Frameworks",
					"@loader_path/../Frameworks",
				);
				PRODUCT_BUNDLE_IDENTIFIER = br.paker.CalendrTests;
				PRODUCT_NAME = "$(TARGET_NAME)";
				PROVISIONING_PROFILE_SPECIFIER = "";
				SWIFT_VERSION = 5.0;
				TEST_HOST = "$(BUILT_PRODUCTS_DIR)/Calendr.app/Contents/MacOS/Calendr";
			};
			name = Debug;
		};
		347D0FBD25952F8A002451EC /* Release */ = {
			isa = XCBuildConfiguration;
			buildSettings = {
				BUNDLE_LOADER = "$(TEST_HOST)";
				CODE_SIGN_IDENTITY = "Apple Development";
				"CODE_SIGN_IDENTITY[sdk=macosx*]" = "Apple Development";
				CODE_SIGN_STYLE = Automatic;
				COMBINE_HIDPI_IMAGES = YES;
				DEAD_CODE_STRIPPING = YES;
				INFOPLIST_FILE = CalendrTests/Info.plist;
				LD_RUNPATH_SEARCH_PATHS = (
					"$(inherited)",
					"@executable_path/../Frameworks",
					"@loader_path/../Frameworks",
				);
				PRODUCT_BUNDLE_IDENTIFIER = br.paker.CalendrTests;
				PRODUCT_NAME = "$(TARGET_NAME)";
				PROVISIONING_PROFILE_SPECIFIER = "";
				SWIFT_VERSION = 5.0;
				TEST_HOST = "$(BUILT_PRODUCTS_DIR)/Calendr.app/Contents/MacOS/Calendr";
			};
			name = Release;
		};
/* End XCBuildConfiguration section */

/* Begin XCConfigurationList section */
		3442769E269B5CA4004CFE1C /* Build configuration list for PBXNativeTarget "CalendrUITests" */ = {
			isa = XCConfigurationList;
			buildConfigurations = (
				3442769F269B5CA4004CFE1C /* Debug */,
				344276A0269B5CA4004CFE1C /* Release */,
			);
			defaultConfigurationIsVisible = 0;
			defaultConfigurationName = Release;
		};
		347D0F8F25952F89002451EC /* Build configuration list for PBXProject "Calendr" */ = {
			isa = XCConfigurationList;
			buildConfigurations = (
				347D0FB625952F8A002451EC /* Debug */,
				347D0FB725952F8A002451EC /* Release */,
			);
			defaultConfigurationIsVisible = 0;
			defaultConfigurationName = Release;
		};
		347D0FB825952F8A002451EC /* Build configuration list for PBXNativeTarget "Calendr" */ = {
			isa = XCConfigurationList;
			buildConfigurations = (
				347D0FB925952F8A002451EC /* Debug */,
				347D0FBA25952F8A002451EC /* Release */,
			);
			defaultConfigurationIsVisible = 0;
			defaultConfigurationName = Release;
		};
		347D0FBB25952F8A002451EC /* Build configuration list for PBXNativeTarget "CalendrTests" */ = {
			isa = XCConfigurationList;
			buildConfigurations = (
				347D0FBC25952F8A002451EC /* Debug */,
				347D0FBD25952F8A002451EC /* Release */,
			);
			defaultConfigurationIsVisible = 0;
			defaultConfigurationName = Release;
		};
/* End XCConfigurationList section */

/* Begin XCRemoteSwiftPackageReference section */
		3418207C26755CC80075B3DC /* XCRemoteSwiftPackageReference "RxSwift" */ = {
			isa = XCRemoteSwiftPackageReference;
			repositoryURL = "https://github.com/ReactiveX/RxSwift";
			requirement = {
				kind = upToNextMajorVersion;
				minimumVersion = 6.9.0;
			};
		};
		342AEE3F2DFF35F2008CBBE0 /* XCRemoteSwiftPackageReference "swift-collections" */ = {
			isa = XCRemoteSwiftPackageReference;
			repositoryURL = "https://github.com/apple/swift-collections.git";
			requirement = {
				kind = upToNextMajorVersion;
				minimumVersion = 1.2.0;
			};
		};
		3477E70A2C67A6A9008D3844 /* XCRemoteSwiftPackageReference "sentry-cocoa" */ = {
			isa = XCRemoteSwiftPackageReference;
			repositoryURL = "https://github.com/getsentry/sentry-cocoa.git";
			requirement = {
				kind = upToNextMajorVersion;
				minimumVersion = 8.52.1;
			};
		};
		34DA13C32EDA20480031F8FF /* XCRemoteSwiftPackageReference "swift-clocks" */ = {
			isa = XCRemoteSwiftPackageReference;
			repositoryURL = "https://github.com/pointfreeco/swift-clocks";
			requirement = {
				kind = upToNextMajorVersion;
				minimumVersion = 1.0.6;
			};
		};
		34E259812B659B5600074D3A /* XCRemoteSwiftPackageReference "KeyboardShortcuts" */ = {
			isa = XCRemoteSwiftPackageReference;
			repositoryURL = "https://github.com/sindresorhus/KeyboardShortcuts";
			requirement = {
				kind = upToNextMajorVersion;
				minimumVersion = 2.4.0;
			};
		};
		34E8556B2C711D1A00757B58 /* XCRemoteSwiftPackageReference "ZIPFoundation" */ = {
			isa = XCRemoteSwiftPackageReference;
			repositoryURL = "https://github.com/weichsel/ZIPFoundation";
			requirement = {
				kind = upToNextMajorVersion;
				minimumVersion = 0.9.19;
			};
		};
/* End XCRemoteSwiftPackageReference section */

/* Begin XCSwiftPackageProductDependency section */
		3418207D26755CC80075B3DC /* RxSwift */ = {
			isa = XCSwiftPackageProductDependency;
			package = 3418207C26755CC80075B3DC /* XCRemoteSwiftPackageReference "RxSwift" */;
			productName = RxSwift;
		};
		3418207F26755CC80075B3DC /* RxTest */ = {
			isa = XCSwiftPackageProductDependency;
			package = 3418207C26755CC80075B3DC /* XCRemoteSwiftPackageReference "RxSwift" */;
			productName = RxTest;
		};
		3418208326755CC80075B3DC /* RxCocoa */ = {
			isa = XCSwiftPackageProductDependency;
			package = 3418207C26755CC80075B3DC /* XCRemoteSwiftPackageReference "RxSwift" */;
			productName = RxCocoa;
		};
		342AEE402DFF35F2008CBBE0 /* Collections */ = {
			isa = XCSwiftPackageProductDependency;
			package = 342AEE3F2DFF35F2008CBBE0 /* XCRemoteSwiftPackageReference "swift-collections" */;
			productName = Collections;
		};
		3477E70B2C67A6A9008D3844 /* Sentry */ = {
			isa = XCSwiftPackageProductDependency;
			package = 3477E70A2C67A6A9008D3844 /* XCRemoteSwiftPackageReference "sentry-cocoa" */;
			productName = Sentry;
		};
		34DA13C42EDA20480031F8FF /* Clocks */ = {
			isa = XCSwiftPackageProductDependency;
			package = 34DA13C32EDA20480031F8FF /* XCRemoteSwiftPackageReference "swift-clocks" */;
			productName = Clocks;
		};
		34E259822B659B5600074D3A /* KeyboardShortcuts */ = {
			isa = XCSwiftPackageProductDependency;
			package = 34E259812B659B5600074D3A /* XCRemoteSwiftPackageReference "KeyboardShortcuts" */;
			productName = KeyboardShortcuts;
		};
		34E8556C2C711D1A00757B58 /* ZIPFoundation */ = {
			isa = XCSwiftPackageProductDependency;
			package = 34E8556B2C711D1A00757B58 /* XCRemoteSwiftPackageReference "ZIPFoundation" */;
			productName = ZIPFoundation;
		};
/* End XCSwiftPackageProductDependency section */
	};
	rootObject = 347D0F8C25952F89002451EC /* Project object */;
}
