// !$*UTF8*$!
{
	archiveVersion = 1;
	classes = {
	};
	objectVersion = 52;
	objects = {

/* Begin PBXBuildFile section */
		3408B26E26A5008700DA8429 /* SettingsTests.swift in Sources */ = {isa = PBXBuildFile; fileRef = 3408B26D26A5008700DA8429 /* SettingsTests.swift */; };
		3408D13E25982DB400CF1425 /* DateSelector.swift in Sources */ = {isa = PBXBuildFile; fileRef = 3408D13D25982DB400CF1425 /* DateSelector.swift */; };
		3408F17625FAAA4B00C1EAD4 /* EventDetailsViewController.swift in Sources */ = {isa = PBXBuildFile; fileRef = 3408F17525FAAA4B00C1EAD4 /* EventDetailsViewController.swift */; };
		34091737267E81870023B76D /* NSImage.swift in Sources */ = {isa = PBXBuildFile; fileRef = 34091736267E81870023B76D /* NSImage.swift */; };
		3409173B267E90210023B76D /* Icons.swift in Sources */ = {isa = PBXBuildFile; fileRef = 3409173A267E90210023B76D /* Icons.swift */; };
		341692C225F1AA570019E8A8 /* WallTimeScheduler.swift in Sources */ = {isa = PBXBuildFile; fileRef = 341692C125F1AA570019E8A8 /* WallTimeScheduler.swift */; };
		3418207E26755CC80075B3DC /* RxSwift in Frameworks */ = {isa = PBXBuildFile; productRef = 3418207D26755CC80075B3DC /* RxSwift */; };
		3418208026755CC80075B3DC /* RxTest in Frameworks */ = {isa = PBXBuildFile; productRef = 3418207F26755CC80075B3DC /* RxTest */; };
		3418208426755CC80075B3DC /* RxCocoa in Frameworks */ = {isa = PBXBuildFile; productRef = 3418208326755CC80075B3DC /* RxCocoa */; };
		341B2B3E25D06A6F00336342 /* Dropdown.swift in Sources */ = {isa = PBXBuildFile; fileRef = 341B2B3D25D06A6F00336342 /* Dropdown.swift */; };
		341B2B4225D0B19500336342 /* StatusItemViewModelTests.swift in Sources */ = {isa = PBXBuildFile; fileRef = 341B2B4125D0B19500336342 /* StatusItemViewModelTests.swift */; };
		341B2B4825D0C9A600336342 /* NSView.swift in Sources */ = {isa = PBXBuildFile; fileRef = 341B2B4725D0C9A600336342 /* NSView.swift */; };
		3421930827999FB7002BCD36 /* TimeZone+Factory.swift in Sources */ = {isa = PBXBuildFile; fileRef = 3421930727999FB7002BCD36 /* TimeZone+Factory.swift */; };
		3421AD3D25BA1D0800A4F468 /* SettingsViewModelTests.swift in Sources */ = {isa = PBXBuildFile; fileRef = 3421AD3C25BA1D0800A4F468 /* SettingsViewModelTests.swift */; };
		3421DA0E2693E35000056837 /* EventListViewPreview.swift in Sources */ = {isa = PBXBuildFile; fileRef = 3421DA0D2693E35000056837 /* EventListViewPreview.swift */; };
		3421DA122693E70E00056837 /* MockPopoverSettings.swift in Sources */ = {isa = PBXBuildFile; fileRef = 3421DA112693E70E00056837 /* MockPopoverSettings.swift */; };
		3421DA142693E75A00056837 /* MockCalendarServiceProvider.swift in Sources */ = {isa = PBXBuildFile; fileRef = 3421DA132693E75A00056837 /* MockCalendarServiceProvider.swift */; };
		3421DA162693EDEB00056837 /* MockCalendarSettings.swift in Sources */ = {isa = PBXBuildFile; fileRef = 3421DA152693EDEB00056837 /* MockCalendarSettings.swift */; };
		3421DA182693EEBD00056837 /* MockDateProvider.swift in Sources */ = {isa = PBXBuildFile; fileRef = 3421DA172693EEBD00056837 /* MockDateProvider.swift */; };
		3421DA1E2693F12400056837 /* Date+Factory.swift in Sources */ = {isa = PBXBuildFile; fileRef = 3421DA1A2693F12400056837 /* Date+Factory.swift */; };
		3421DA1F2693F12400056837 /* CalendarModel+Factory.swift in Sources */ = {isa = PBXBuildFile; fileRef = 3421DA1B2693F12400056837 /* CalendarModel+Factory.swift */; };
		3421DA202693F12400056837 /* EventModel+Factory.swift in Sources */ = {isa = PBXBuildFile; fileRef = 3421DA1C2693F12400056837 /* EventModel+Factory.swift */; };
		3421DA212693F12400056837 /* Calendar+Factory.swift in Sources */ = {isa = PBXBuildFile; fileRef = 3421DA1D2693F12400056837 /* Calendar+Factory.swift */; };
		34286E4625D5CD9C0097EC5D /* WeekNumberCellView.swift in Sources */ = {isa = PBXBuildFile; fileRef = 34286E4525D5CD9C0097EC5D /* WeekNumberCellView.swift */; };
		34305BCB25992A4E00AB381D /* Rx+Helpers.swift in Sources */ = {isa = PBXBuildFile; fileRef = 34305BCA25992A4E00AB381D /* Rx+Helpers.swift */; };
		3430675E25F6BC15000D4003 /* HistoricalSchedulerTimeConverter.swift in Sources */ = {isa = PBXBuildFile; fileRef = 3430675D25F6BC15000D4003 /* HistoricalSchedulerTimeConverter.swift */; };
		3430676325F6C130000D4003 /* TrackedHistoricalScheduler.swift in Sources */ = {isa = PBXBuildFile; fileRef = 3430676225F6C130000D4003 /* TrackedHistoricalScheduler.swift */; };
		3430ED03259634E00045DA53 /* NSStackView+Rx.swift in Sources */ = {isa = PBXBuildFile; fileRef = 3430ED02259634E00045DA53 /* NSStackView+Rx.swift */; };
		3433E87A294AA3D50042533A /* Notification.swift in Sources */ = {isa = PBXBuildFile; fileRef = 3433E879294AA3D50042533A /* Notification.swift */; };
		34424150267EA65200142028 /* ReminderOptions.swift in Sources */ = {isa = PBXBuildFile; fileRef = 3442414F267EA65200142028 /* ReminderOptions.swift */; };
		34427692269B5760004CFE1C /* MockMainViewController.swift in Sources */ = {isa = PBXBuildFile; fileRef = 34427691269B5760004CFE1C /* MockMainViewController.swift */; };
		3442769A269B5CA4004CFE1C /* UITestCase.swift in Sources */ = {isa = PBXBuildFile; fileRef = 34427699269B5CA4004CFE1C /* UITestCase.swift */; };
		3449402E25C348B20020E664 /* GeneralSettingsViewController.swift in Sources */ = {isa = PBXBuildFile; fileRef = 3449402D25C348B20020E664 /* GeneralSettingsViewController.swift */; };
		3449403225C348C70020E664 /* CalendarPickerViewController.swift in Sources */ = {isa = PBXBuildFile; fileRef = 3449403125C348C70020E664 /* CalendarPickerViewController.swift */; };
		3453E6FD28386A84002DCC3C /* Bool.swift in Sources */ = {isa = PBXBuildFile; fileRef = 3453E6FC28386A84002DCC3C /* Bool.swift */; };
		3453E6FF28393943002DCC3C /* EventOptions.swift in Sources */ = {isa = PBXBuildFile; fileRef = 3453E6FE28393943002DCC3C /* EventOptions.swift */; };
		345DD97326920D1B00294D90 /* CalendarViewPreview.swift in Sources */ = {isa = PBXBuildFile; fileRef = 345DD97226920D1B00294D90 /* CalendarViewPreview.swift */; };
		345FBD99293EA476005DD6DF /* Keyboard.swift in Sources */ = {isa = PBXBuildFile; fileRef = 345FBD98293EA476005DD6DF /* Keyboard.swift */; };
		34651F1525E1BB8400518C5A /* Strings.generated.swift in Sources */ = {isa = PBXBuildFile; fileRef = 34651F1425E1BB8400518C5A /* Strings.generated.swift */; };
		34651F2F25E1C99900518C5A /* Localizable.strings in Resources */ = {isa = PBXBuildFile; fileRef = 34651F2C25E1C99900518C5A /* Localizable.strings */; };
		34651F5425E22A3900518C5A /* DateIntervalFormatter.swift in Sources */ = {isa = PBXBuildFile; fileRef = 34651F5325E22A3900518C5A /* DateIntervalFormatter.swift */; };
		34651F5A25E2F08500518C5A /* String.swift in Sources */ = {isa = PBXBuildFile; fileRef = 34651F5925E2F08500518C5A /* String.swift */; };
		34651F6E25E3171D00518C5A /* EventViewModelLinkTests.swift in Sources */ = {isa = PBXBuildFile; fileRef = 34651F6D25E3171D00518C5A /* EventViewModelLinkTests.swift */; };
		34651F7425E3207200518C5A /* WorkspaceServiceProvider.swift in Sources */ = {isa = PBXBuildFile; fileRef = 34651F7325E3207200518C5A /* WorkspaceServiceProvider.swift */; };
		34651F7A25E325EA00518C5A /* MockWorkspaceServiceProvider.swift in Sources */ = {isa = PBXBuildFile; fileRef = 34651F7925E325EA00518C5A /* MockWorkspaceServiceProvider.swift */; };
		3468E651284BD3D600B21EC8 /* EventLink.swift in Sources */ = {isa = PBXBuildFile; fileRef = 3468E650284BD3D600B21EC8 /* EventLink.swift */; };
		3468E653284BD44600B21EC8 /* EventBarStyle.swift in Sources */ = {isa = PBXBuildFile; fileRef = 3468E652284BD44600B21EC8 /* EventBarStyle.swift */; };
		346E70C92802278E00A785FF /* ScreenProvider.swift in Sources */ = {isa = PBXBuildFile; fileRef = 346E70C82802278E00A785FF /* ScreenProvider.swift */; };
		346E70CB2802289F00A785FF /* MockScreenProvider.swift in Sources */ = {isa = PBXBuildFile; fileRef = 346E70CA2802289F00A785FF /* MockScreenProvider.swift */; };
		3470214A259DFF3000827AE7 /* CalendarServiceProvider.swift in Sources */ = {isa = PBXBuildFile; fileRef = 34702149259DFF3000827AE7 /* CalendarServiceProvider.swift */; };
		34702150259E163000827AE7 /* CalendarModel.swift in Sources */ = {isa = PBXBuildFile; fileRef = 3470214F259E163000827AE7 /* CalendarModel.swift */; };
		34702168259E761100827AE7 /* Calendar.swift in Sources */ = {isa = PBXBuildFile; fileRef = 34702167259E761100827AE7 /* Calendar.swift */; };
		3470654B292EFCF90079C68A /* NSTextView.swift in Sources */ = {isa = PBXBuildFile; fileRef = 3470654A292EFCF90079C68A /* NSTextView.swift */; };
		3477F3CE25FAE56A008EA888 /* EventDetailsViewModel.swift in Sources */ = {isa = PBXBuildFile; fileRef = 3477F3CD25FAE56A008EA888 /* EventDetailsViewModel.swift */; };
		3477F3D425FAF079008EA888 /* MockCalendarServiceProvider.swift in Sources */ = {isa = PBXBuildFile; fileRef = 3477F3D325FAF079008EA888 /* MockCalendarServiceProvider.swift */; };
		3477F3DA25FD44C1008EA888 /* MockEventListSettings.swift in Sources */ = {isa = PBXBuildFile; fileRef = 3477F3D925FD44C1008EA888 /* MockEventListSettings.swift */; };
		3477F3E425FD5285008EA888 /* NSView+Rx.swift in Sources */ = {isa = PBXBuildFile; fileRef = 3477F3E325FD5285008EA888 /* NSView+Rx.swift */; };
		3477F3E825FD52AA008EA888 /* NSViewController+Rx.swift in Sources */ = {isa = PBXBuildFile; fileRef = 3477F3E725FD52AA008EA888 /* NSViewController+Rx.swift */; };
		347D0F9825952F89002451EC /* AppDelegate.swift in Sources */ = {isa = PBXBuildFile; fileRef = 347D0F9725952F89002451EC /* AppDelegate.swift */; };
		347D0F9A25952F8A002451EC /* Images.xcassets in Resources */ = {isa = PBXBuildFile; fileRef = 347D0F9925952F8A002451EC /* Images.xcassets */; };
		347D0FDF259533C3002451EC /* CalendarView.swift in Sources */ = {isa = PBXBuildFile; fileRef = 347D0FDE259533C3002451EC /* CalendarView.swift */; };
		347D0FE7259544B4002451EC /* NSView+Layout.swift in Sources */ = {isa = PBXBuildFile; fileRef = 347D0FE6259544B4002451EC /* NSView+Layout.swift */; };
		347D0FED2595467A002451EC /* CalendarCellView.swift in Sources */ = {isa = PBXBuildFile; fileRef = 347D0FEC2595467A002451EC /* CalendarCellView.swift */; };
		347D0FF225954920002451EC /* EventModel.swift in Sources */ = {isa = PBXBuildFile; fileRef = 347D0FF125954920002451EC /* EventModel.swift */; };
		347D0FF825954975002451EC /* CalendarCellViewModel.swift in Sources */ = {isa = PBXBuildFile; fileRef = 347D0FF725954975002451EC /* CalendarCellViewModel.swift */; };
		347D0FFE259566B5002451EC /* CalendarViewModel.swift in Sources */ = {isa = PBXBuildFile; fileRef = 347D0FFD259566B5002451EC /* CalendarViewModel.swift */; };
		347E6D3E25AA2811009A6716 /* CalendarViewModelTests.swift in Sources */ = {isa = PBXBuildFile; fileRef = 347E6D3D25AA2811009A6716 /* CalendarViewModelTests.swift */; };
		3487A43825E706F800FCC7D7 /* NextEventViewModel.swift in Sources */ = {isa = PBXBuildFile; fileRef = 3487A43725E706F800FCC7D7 /* NextEventViewModel.swift */; };
		3487A43C25E70F5B00FCC7D7 /* NextEventView.swift in Sources */ = {isa = PBXBuildFile; fileRef = 3487A43B25E70F5B00FCC7D7 /* NextEventView.swift */; };
		348B8D0425B2925100E518FE /* SettingsViewModel.swift in Sources */ = {isa = PBXBuildFile; fileRef = 348B8D0325B2925100E518FE /* SettingsViewModel.swift */; };
		348E701F25C43C5200B3B160 /* WeekDay.swift in Sources */ = {isa = PBXBuildFile; fileRef = 348E701E25C43C5200B3B160 /* WeekDay.swift */; };
		348E702D25C6161900B3B160 /* EventViewModelFadeTests.swift in Sources */ = {isa = PBXBuildFile; fileRef = 348E702C25C6161900B3B160 /* EventViewModelFadeTests.swift */; };
		348E703725C6173400B3B160 /* EventViewModelProgressTests.swift in Sources */ = {isa = PBXBuildFile; fileRef = 348E703625C6173400B3B160 /* EventViewModelProgressTests.swift */; };
		348E703C25C617F100B3B160 /* MockDateProvider.swift in Sources */ = {isa = PBXBuildFile; fileRef = 348E703B25C617F100B3B160 /* MockDateProvider.swift */; };
		348E704B25C61B8D00B3B160 /* Radio.swift in Sources */ = {isa = PBXBuildFile; fileRef = 348E704A25C61B8D00B3B160 /* Radio.swift */; };
		34924CD6259FB814009C3450 /* CalendarExtensionTests.swift in Sources */ = {isa = PBXBuildFile; fileRef = 34924CD5259FB814009C3450 /* CalendarExtensionTests.swift */; };
		34924CE4259FCB36009C3450 /* DateSelectorTests.swift in Sources */ = {isa = PBXBuildFile; fileRef = 34924CE3259FCB36009C3450 /* DateSelectorTests.swift */; };
		34924CEE259FD064009C3450 /* DateFormatter.swift in Sources */ = {isa = PBXBuildFile; fileRef = 34924CED259FD064009C3450 /* DateFormatter.swift */; };
		34926A712931B18C0090C8FC /* NSControl.swift in Sources */ = {isa = PBXBuildFile; fileRef = 34926A702931B18C0090C8FC /* NSControl.swift */; };
		3492C45C269F77E0009CFAD2 /* CalendarViewTests.swift in Sources */ = {isa = PBXBuildFile; fileRef = 3492C45B269F77E0009CFAD2 /* CalendarViewTests.swift */; };
		3492C45E269F7966009CFAD2 /* UITestCase+Queries.swift in Sources */ = {isa = PBXBuildFile; fileRef = 3492C45D269F7966009CFAD2 /* UITestCase+Queries.swift */; };
		3492C460269FCF5B009CFAD2 /* Accessibility.swift in Sources */ = {isa = PBXBuildFile; fileRef = 3492C45F269FCF5B009CFAD2 /* Accessibility.swift */; };
		3492C464269FD64D009CFAD2 /* Accessibility.swift in Sources */ = {isa = PBXBuildFile; fileRef = 3492C45F269FCF5B009CFAD2 /* Accessibility.swift */; };
		3492C466269FD6CE009CFAD2 /* MainViewTests.swift in Sources */ = {isa = PBXBuildFile; fileRef = 3492C465269FD6CE009CFAD2 /* MainViewTests.swift */; };
		34934CD628E69520009635D4 /* Prefs+UserDefaults.swift in Sources */ = {isa = PBXBuildFile; fileRef = 34934CD528E69520009635D4 /* Prefs+UserDefaults.swift */; };
		34934CD828E71B0F009635D4 /* UserDefaults+Rx.swift in Sources */ = {isa = PBXBuildFile; fileRef = 34934CD728E71B0F009635D4 /* UserDefaults+Rx.swift */; };
		349355A625BCA8D400957945 /* EventListView.swift in Sources */ = {isa = PBXBuildFile; fileRef = 349355A525BCA8D400957945 /* EventListView.swift */; };
		349355AA25BCA8DF00957945 /* EventView.swift in Sources */ = {isa = PBXBuildFile; fileRef = 349355A925BCA8DF00957945 /* EventView.swift */; };
		349355B225BCB07B00957945 /* EventViewModel.swift in Sources */ = {isa = PBXBuildFile; fileRef = 349355B125BCB07B00957945 /* EventViewModel.swift */; };
		349E4CEF25CF48ED00A6FC18 /* VirtualTimeScheduler.swift in Sources */ = {isa = PBXBuildFile; fileRef = 349E4CEE25CF48ED00A6FC18 /* VirtualTimeScheduler.swift */; };
		34A4C3E925963FB200D0F949 /* NSStackView.swift in Sources */ = {isa = PBXBuildFile; fileRef = 34A4C3E825963FB200D0F949 /* NSStackView.swift */; };
		34A6434D25F42375000A0F08 /* EventViewPreview.swift in Sources */ = {isa = PBXBuildFile; fileRef = 34A6434C25F42375000A0F08 /* EventViewPreview.swift */; };
		34AC60C626925FA5005312B6 /* PreviewExtensions.swift in Sources */ = {isa = PBXBuildFile; fileRef = 34AC60C526925FA5005312B6 /* PreviewExtensions.swift */; };
		34B1C7C525EDA01F00E5CA80 /* EventIntervalView.swift in Sources */ = {isa = PBXBuildFile; fileRef = 34B1C7C425EDA01F00E5CA80 /* EventIntervalView.swift */; };
		34B23E9C25C0C94000DADCD6 /* NSButton+Rx.swift in Sources */ = {isa = PBXBuildFile; fileRef = 34B23E9B25C0C94000DADCD6 /* NSButton+Rx.swift */; };
		34B2C59E279FFF0600B52BF3 /* NSClickGestureRecognizer+Rx.swift in Sources */ = {isa = PBXBuildFile; fileRef = 34B2C59D279FFF0600B52BF3 /* NSClickGestureRecognizer+Rx.swift */; };
		34B5A09325B0CE6F00F7F7ED /* SettingsViewController.swift in Sources */ = {isa = PBXBuildFile; fileRef = 34B5A09225B0CE6F00F7F7ED /* SettingsViewController.swift */; };
		34B5A09725B0F8A500F7F7ED /* NSButton.swift in Sources */ = {isa = PBXBuildFile; fileRef = 34B5A09625B0F8A500F7F7ED /* NSButton.swift */; };
		34B5A09D25B118EC00F7F7ED /* CalendarPickerViewModel.swift in Sources */ = {isa = PBXBuildFile; fileRef = 34B5A09C25B118EC00F7F7ED /* CalendarPickerViewModel.swift */; };
		34C2CF9125C2070400FC2CFF /* EventViewModelTests.swift in Sources */ = {isa = PBXBuildFile; fileRef = 34C2CF9025C2070400FC2CFF /* EventViewModelTests.swift */; };
		34C4599C25DEFFDA00561C29 /* BuildConfig.m in Sources */ = {isa = PBXBuildFile; fileRef = 34C4599B25DEFFDA00561C29 /* BuildConfig.m */; };
		34C459A425DF030000561C29 /* BuildConfig.swift in Sources */ = {isa = PBXBuildFile; fileRef = 34C459A325DF030000561C29 /* BuildConfig.swift */; };
		34C459BC25DF114300561C29 /* AboutViewController.swift in Sources */ = {isa = PBXBuildFile; fileRef = 34C459BB25DF114300561C29 /* AboutViewController.swift */; };
		34C72F7E25E844E500FD20FA /* NextEventViewModelTests.swift in Sources */ = {isa = PBXBuildFile; fileRef = 34C72F7D25E844E500FD20FA /* NextEventViewModelTests.swift */; };
		34C72F8425E88B6600FD20FA /* MockStatusItemSettings.swift in Sources */ = {isa = PBXBuildFile; fileRef = 34C72F8325E88B6600FD20FA /* MockStatusItemSettings.swift */; };
		34C72F8825E88C0300FD20FA /* MockPopoverSettings.swift in Sources */ = {isa = PBXBuildFile; fileRef = 34C72F8725E88C0300FD20FA /* MockPopoverSettings.swift */; };
		34C72F8C25E88DA100FD20FA /* MockCalendarSettings.swift in Sources */ = {isa = PBXBuildFile; fileRef = 34C72F8B25E88DA100FD20FA /* MockCalendarSettings.swift */; };
		34C72F9625E8A05700FD20FA /* MockNextEventSettings.swift in Sources */ = {isa = PBXBuildFile; fileRef = 34C72F9525E8A05700FD20FA /* MockNextEventSettings.swift */; };
		34C72F9C25E9847300FD20FA /* EventListViewModel.swift in Sources */ = {isa = PBXBuildFile; fileRef = 34C72F9B25E9847300FD20FA /* EventListViewModel.swift */; };
		34C72FA225E987F000FD20FA /* EventListViewModelTests.swift in Sources */ = {isa = PBXBuildFile; fileRef = 34C72FA125E987F000FD20FA /* EventListViewModelTests.swift */; };
		34CC382D25B636A6006CBD99 /* Checkbox.swift in Sources */ = {isa = PBXBuildFile; fileRef = 34CC382C25B636A6006CBD99 /* Checkbox.swift */; };
		34D19FC0262299D300B2732C /* NSEdgeInsets.swift in Sources */ = {isa = PBXBuildFile; fileRef = 34D19FBF262299D300B2732C /* NSEdgeInsets.swift */; };
		34D19FC62622A02C00B2732C /* EventDetailsViewModelTests.swift in Sources */ = {isa = PBXBuildFile; fileRef = 34D19FC52622A02C00B2732C /* EventDetailsViewModelTests.swift */; };
		34D19FCC2622B9CD00B2732C /* EventMeta.swift in Sources */ = {isa = PBXBuildFile; fileRef = 34D19FCB2622B9CC00B2732C /* EventMeta.swift */; };
		34D25E4A292F9E2100557E70 /* ImageButton.swift in Sources */ = {isa = PBXBuildFile; fileRef = 34D25E49292F9E2100557E70 /* ImageButton.swift */; };
		34D3655829402D5700849457 /* NSColor.swift in Sources */ = {isa = PBXBuildFile; fileRef = 34D3655729402D5700849457 /* NSColor.swift */; };
		34D55FE325F06669007F5C81 /* Sequence.swift in Sources */ = {isa = PBXBuildFile; fileRef = 34D55FE225F06669007F5C81 /* Sequence.swift */; };
		34E004A725B61D5200241419 /* StatusItemViewModel.swift in Sources */ = {isa = PBXBuildFile; fileRef = 34E004A625B61D5200241419 /* StatusItemViewModel.swift */; };
		34E1902325B76CFE00E9491B /* CalendarPickerViewModelTests.swift in Sources */ = {isa = PBXBuildFile; fileRef = 34E1902225B76CFE00E9491B /* CalendarPickerViewModelTests.swift */; };
		34E60D6126A0D6D6004DA082 /* NSAccessibilityProtocol+Rx.swift in Sources */ = {isa = PBXBuildFile; fileRef = 34E60D6026A0D6D6004DA082 /* NSAccessibilityProtocol+Rx.swift */; };
		34E60D6326A0EA32004DA082 /* NSAccessibilityProtocol.swift in Sources */ = {isa = PBXBuildFile; fileRef = 34E60D6226A0EA32004DA082 /* NSAccessibilityProtocol.swift */; };
		34F128D125968044007DF31C /* Label.swift in Sources */ = {isa = PBXBuildFile; fileRef = 34F128D025968044007DF31C /* Label.swift */; };
		34F128E12597B9C9007DF31C /* MainViewController.swift in Sources */ = {isa = PBXBuildFile; fileRef = 34F128E02597B9C9007DF31C /* MainViewController.swift */; };
		34F128F22597C340007DF31C /* WeekDayCellView.swift in Sources */ = {isa = PBXBuildFile; fileRef = 34F128F12597C340007DF31C /* WeekDayCellView.swift */; };
		34F201332693F562006CE2FF /* MockEventListSettings.swift in Sources */ = {isa = PBXBuildFile; fileRef = 34F201322693F562006CE2FF /* MockEventListSettings.swift */; };
		34F7E03A28427AC00028FF25 /* EventDetailsPreview.swift in Sources */ = {isa = PBXBuildFile; fileRef = 34F7E03928427AC00028FF25 /* EventDetailsPreview.swift */; };
		34F96CEE25B523ED0020DEEA /* main.swift in Sources */ = {isa = PBXBuildFile; fileRef = 34F96CED25B523ED0020DEEA /* main.swift */; };
		34FD09D925AE269600AAAAE2 /* DateProvider.swift in Sources */ = {isa = PBXBuildFile; fileRef = 34FD09D825AE269600AAAAE2 /* DateProvider.swift */; };
/* End PBXBuildFile section */

/* Begin PBXContainerItemProxy section */
		3442769C269B5CA4004CFE1C /* PBXContainerItemProxy */ = {
			isa = PBXContainerItemProxy;
			containerPortal = 347D0F8C25952F89002451EC /* Project object */;
			proxyType = 1;
			remoteGlobalIDString = 347D0F9325952F89002451EC;
			remoteInfo = Calendr;
		};
		347D0FA525952F8A002451EC /* PBXContainerItemProxy */ = {
			isa = PBXContainerItemProxy;
			containerPortal = 347D0F8C25952F89002451EC /* Project object */;
			proxyType = 1;
			remoteGlobalIDString = 347D0F9325952F89002451EC;
			remoteInfo = Calendr;
		};
/* End PBXContainerItemProxy section */

/* Begin PBXFileReference section */
		3408B26D26A5008700DA8429 /* SettingsTests.swift */ = {isa = PBXFileReference; lastKnownFileType = sourcecode.swift; path = SettingsTests.swift; sourceTree = "<group>"; };
		3408D13D25982DB400CF1425 /* DateSelector.swift */ = {isa = PBXFileReference; lastKnownFileType = sourcecode.swift; path = DateSelector.swift; sourceTree = "<group>"; };
		3408F17525FAAA4B00C1EAD4 /* EventDetailsViewController.swift */ = {isa = PBXFileReference; lastKnownFileType = sourcecode.swift; path = EventDetailsViewController.swift; sourceTree = "<group>"; };
		34091736267E81870023B76D /* NSImage.swift */ = {isa = PBXFileReference; lastKnownFileType = sourcecode.swift; path = NSImage.swift; sourceTree = "<group>"; };
		3409173A267E90210023B76D /* Icons.swift */ = {isa = PBXFileReference; lastKnownFileType = sourcecode.swift; path = Icons.swift; sourceTree = "<group>"; };
		341692C125F1AA570019E8A8 /* WallTimeScheduler.swift */ = {isa = PBXFileReference; fileEncoding = 4; lastKnownFileType = sourcecode.swift; path = WallTimeScheduler.swift; sourceTree = "<group>"; };
		341B2B3D25D06A6F00336342 /* Dropdown.swift */ = {isa = PBXFileReference; lastKnownFileType = sourcecode.swift; path = Dropdown.swift; sourceTree = "<group>"; };
		341B2B4125D0B19500336342 /* StatusItemViewModelTests.swift */ = {isa = PBXFileReference; lastKnownFileType = sourcecode.swift; path = StatusItemViewModelTests.swift; sourceTree = "<group>"; };
		341B2B4725D0C9A600336342 /* NSView.swift */ = {isa = PBXFileReference; lastKnownFileType = sourcecode.swift; path = NSView.swift; sourceTree = "<group>"; };
		3421930727999FB7002BCD36 /* TimeZone+Factory.swift */ = {isa = PBXFileReference; lastKnownFileType = sourcecode.swift; path = "TimeZone+Factory.swift"; sourceTree = "<group>"; };
		3421AD3C25BA1D0800A4F468 /* SettingsViewModelTests.swift */ = {isa = PBXFileReference; lastKnownFileType = sourcecode.swift; path = SettingsViewModelTests.swift; sourceTree = "<group>"; };
		3421DA0D2693E35000056837 /* EventListViewPreview.swift */ = {isa = PBXFileReference; lastKnownFileType = sourcecode.swift; path = EventListViewPreview.swift; sourceTree = "<group>"; };
		3421DA112693E70E00056837 /* MockPopoverSettings.swift */ = {isa = PBXFileReference; lastKnownFileType = sourcecode.swift; path = MockPopoverSettings.swift; sourceTree = "<group>"; };
		3421DA132693E75A00056837 /* MockCalendarServiceProvider.swift */ = {isa = PBXFileReference; lastKnownFileType = sourcecode.swift; path = MockCalendarServiceProvider.swift; sourceTree = "<group>"; };
		3421DA152693EDEB00056837 /* MockCalendarSettings.swift */ = {isa = PBXFileReference; lastKnownFileType = sourcecode.swift; path = MockCalendarSettings.swift; sourceTree = "<group>"; };
		3421DA172693EEBD00056837 /* MockDateProvider.swift */ = {isa = PBXFileReference; lastKnownFileType = sourcecode.swift; path = MockDateProvider.swift; sourceTree = "<group>"; };
		3421DA1A2693F12400056837 /* Date+Factory.swift */ = {isa = PBXFileReference; fileEncoding = 4; lastKnownFileType = sourcecode.swift; path = "Date+Factory.swift"; sourceTree = "<group>"; };
		3421DA1B2693F12400056837 /* CalendarModel+Factory.swift */ = {isa = PBXFileReference; fileEncoding = 4; lastKnownFileType = sourcecode.swift; path = "CalendarModel+Factory.swift"; sourceTree = "<group>"; };
		3421DA1C2693F12400056837 /* EventModel+Factory.swift */ = {isa = PBXFileReference; fileEncoding = 4; lastKnownFileType = sourcecode.swift; path = "EventModel+Factory.swift"; sourceTree = "<group>"; };
		3421DA1D2693F12400056837 /* Calendar+Factory.swift */ = {isa = PBXFileReference; fileEncoding = 4; lastKnownFileType = sourcecode.swift; path = "Calendar+Factory.swift"; sourceTree = "<group>"; };
		34286E4525D5CD9C0097EC5D /* WeekNumberCellView.swift */ = {isa = PBXFileReference; lastKnownFileType = sourcecode.swift; path = WeekNumberCellView.swift; sourceTree = "<group>"; };
		34305BCA25992A4E00AB381D /* Rx+Helpers.swift */ = {isa = PBXFileReference; fileEncoding = 4; lastKnownFileType = sourcecode.swift; path = "Rx+Helpers.swift"; sourceTree = "<group>"; };
		3430675D25F6BC15000D4003 /* HistoricalSchedulerTimeConverter.swift */ = {isa = PBXFileReference; lastKnownFileType = sourcecode.swift; path = HistoricalSchedulerTimeConverter.swift; sourceTree = "<group>"; };
		3430676225F6C130000D4003 /* TrackedHistoricalScheduler.swift */ = {isa = PBXFileReference; lastKnownFileType = sourcecode.swift; path = TrackedHistoricalScheduler.swift; sourceTree = "<group>"; };
		3430ED02259634E00045DA53 /* NSStackView+Rx.swift */ = {isa = PBXFileReference; lastKnownFileType = sourcecode.swift; path = "NSStackView+Rx.swift"; sourceTree = "<group>"; };
		3433E879294AA3D50042533A /* Notification.swift */ = {isa = PBXFileReference; lastKnownFileType = sourcecode.swift; path = Notification.swift; sourceTree = "<group>"; };
		343B74C826D168A80081A440 /* UnitTests.xctestplan */ = {isa = PBXFileReference; lastKnownFileType = text; name = UnitTests.xctestplan; path = CalendrTests/UnitTests.xctestplan; sourceTree = SOURCE_ROOT; };
		343B74C926D169E80081A440 /* UITests.xctestplan */ = {isa = PBXFileReference; lastKnownFileType = text; path = UITests.xctestplan; sourceTree = "<group>"; };
		3442414F267EA65200142028 /* ReminderOptions.swift */ = {isa = PBXFileReference; lastKnownFileType = sourcecode.swift; path = ReminderOptions.swift; sourceTree = "<group>"; };
		34427691269B5760004CFE1C /* MockMainViewController.swift */ = {isa = PBXFileReference; lastKnownFileType = sourcecode.swift; path = MockMainViewController.swift; sourceTree = "<group>"; };
		34427697269B5CA4004CFE1C /* CalendrUITests.xctest */ = {isa = PBXFileReference; explicitFileType = wrapper.cfbundle; includeInIndex = 0; path = CalendrUITests.xctest; sourceTree = BUILT_PRODUCTS_DIR; };
		34427699269B5CA4004CFE1C /* UITestCase.swift */ = {isa = PBXFileReference; lastKnownFileType = sourcecode.swift; path = UITestCase.swift; sourceTree = "<group>"; };
		3442769B269B5CA4004CFE1C /* Info.plist */ = {isa = PBXFileReference; lastKnownFileType = text.plist.xml; path = Info.plist; sourceTree = "<group>"; };
		3449402D25C348B20020E664 /* GeneralSettingsViewController.swift */ = {isa = PBXFileReference; lastKnownFileType = sourcecode.swift; path = GeneralSettingsViewController.swift; sourceTree = "<group>"; };
		3449403125C348C70020E664 /* CalendarPickerViewController.swift */ = {isa = PBXFileReference; lastKnownFileType = sourcecode.swift; path = CalendarPickerViewController.swift; sourceTree = "<group>"; };
		3453E6FC28386A84002DCC3C /* Bool.swift */ = {isa = PBXFileReference; lastKnownFileType = sourcecode.swift; path = Bool.swift; sourceTree = "<group>"; };
		3453E6FE28393943002DCC3C /* EventOptions.swift */ = {isa = PBXFileReference; lastKnownFileType = sourcecode.swift; path = EventOptions.swift; sourceTree = "<group>"; };
		345DD97226920D1B00294D90 /* CalendarViewPreview.swift */ = {isa = PBXFileReference; lastKnownFileType = sourcecode.swift; path = CalendarViewPreview.swift; sourceTree = "<group>"; };
		345FBD98293EA476005DD6DF /* Keyboard.swift */ = {isa = PBXFileReference; lastKnownFileType = sourcecode.swift; path = Keyboard.swift; sourceTree = "<group>"; };
		34651EFB25E1B26800518C5A /* swiftgen.yml */ = {isa = PBXFileReference; lastKnownFileType = text.yaml; path = swiftgen.yml; sourceTree = "<group>"; };
		34651F1425E1BB8400518C5A /* Strings.generated.swift */ = {isa = PBXFileReference; fileEncoding = 4; lastKnownFileType = sourcecode.swift; path = Strings.generated.swift; sourceTree = "<group>"; };
		34651F2D25E1C99900518C5A /* en */ = {isa = PBXFileReference; lastKnownFileType = text.plist.strings; name = en; path = en.lproj/Localizable.strings; sourceTree = "<group>"; };
		34651F2E25E1C99900518C5A /* pt */ = {isa = PBXFileReference; lastKnownFileType = text.plist.strings; name = pt; path = pt.lproj/Localizable.strings; sourceTree = "<group>"; };
		34651F4E25E1EAFB00518C5A /* fr */ = {isa = PBXFileReference; lastKnownFileType = text.plist.strings; name = fr; path = fr.lproj/Localizable.strings; sourceTree = "<group>"; };
		34651F5325E22A3900518C5A /* DateIntervalFormatter.swift */ = {isa = PBXFileReference; lastKnownFileType = sourcecode.swift; path = DateIntervalFormatter.swift; sourceTree = "<group>"; };
		34651F5925E2F08500518C5A /* String.swift */ = {isa = PBXFileReference; lastKnownFileType = sourcecode.swift; path = String.swift; sourceTree = "<group>"; };
		34651F6D25E3171D00518C5A /* EventViewModelLinkTests.swift */ = {isa = PBXFileReference; lastKnownFileType = sourcecode.swift; path = EventViewModelLinkTests.swift; sourceTree = "<group>"; };
		34651F7325E3207200518C5A /* WorkspaceServiceProvider.swift */ = {isa = PBXFileReference; lastKnownFileType = sourcecode.swift; path = WorkspaceServiceProvider.swift; sourceTree = "<group>"; };
		34651F7925E325EA00518C5A /* MockWorkspaceServiceProvider.swift */ = {isa = PBXFileReference; lastKnownFileType = sourcecode.swift; path = MockWorkspaceServiceProvider.swift; sourceTree = "<group>"; };
		34651F8925E4099700518C5A /* es */ = {isa = PBXFileReference; lastKnownFileType = text.plist.strings; name = es; path = es.lproj/Localizable.strings; sourceTree = "<group>"; };
		3468E650284BD3D600B21EC8 /* EventLink.swift */ = {isa = PBXFileReference; lastKnownFileType = sourcecode.swift; path = EventLink.swift; sourceTree = "<group>"; };
		3468E652284BD44600B21EC8 /* EventBarStyle.swift */ = {isa = PBXFileReference; lastKnownFileType = sourcecode.swift; path = EventBarStyle.swift; sourceTree = "<group>"; };
		346E70C82802278E00A785FF /* ScreenProvider.swift */ = {isa = PBXFileReference; lastKnownFileType = sourcecode.swift; path = ScreenProvider.swift; sourceTree = "<group>"; };
		346E70CA2802289F00A785FF /* MockScreenProvider.swift */ = {isa = PBXFileReference; lastKnownFileType = sourcecode.swift; path = MockScreenProvider.swift; sourceTree = "<group>"; };
		34702149259DFF3000827AE7 /* CalendarServiceProvider.swift */ = {isa = PBXFileReference; lastKnownFileType = sourcecode.swift; path = CalendarServiceProvider.swift; sourceTree = "<group>"; };
		3470214F259E163000827AE7 /* CalendarModel.swift */ = {isa = PBXFileReference; lastKnownFileType = sourcecode.swift; path = CalendarModel.swift; sourceTree = "<group>"; };
		34702167259E761100827AE7 /* Calendar.swift */ = {isa = PBXFileReference; lastKnownFileType = sourcecode.swift; path = Calendar.swift; sourceTree = "<group>"; };
		3470654A292EFCF90079C68A /* NSTextView.swift */ = {isa = PBXFileReference; lastKnownFileType = sourcecode.swift; path = NSTextView.swift; sourceTree = "<group>"; };
		3477F3CD25FAE56A008EA888 /* EventDetailsViewModel.swift */ = {isa = PBXFileReference; lastKnownFileType = sourcecode.swift; path = EventDetailsViewModel.swift; sourceTree = "<group>"; };
		3477F3D325FAF079008EA888 /* MockCalendarServiceProvider.swift */ = {isa = PBXFileReference; lastKnownFileType = sourcecode.swift; path = MockCalendarServiceProvider.swift; sourceTree = "<group>"; };
		3477F3D925FD44C1008EA888 /* MockEventListSettings.swift */ = {isa = PBXFileReference; lastKnownFileType = sourcecode.swift; path = MockEventListSettings.swift; sourceTree = "<group>"; };
		3477F3E325FD5285008EA888 /* NSView+Rx.swift */ = {isa = PBXFileReference; lastKnownFileType = sourcecode.swift; path = "NSView+Rx.swift"; sourceTree = "<group>"; };
		3477F3E725FD52AA008EA888 /* NSViewController+Rx.swift */ = {isa = PBXFileReference; lastKnownFileType = sourcecode.swift; path = "NSViewController+Rx.swift"; sourceTree = "<group>"; };
		347D0F9425952F89002451EC /* Calendr.app */ = {isa = PBXFileReference; explicitFileType = wrapper.application; includeInIndex = 0; path = Calendr.app; sourceTree = BUILT_PRODUCTS_DIR; };
		347D0F9725952F89002451EC /* AppDelegate.swift */ = {isa = PBXFileReference; lastKnownFileType = sourcecode.swift; path = AppDelegate.swift; sourceTree = "<group>"; };
		347D0F9925952F8A002451EC /* Images.xcassets */ = {isa = PBXFileReference; lastKnownFileType = folder.assetcatalog; path = Images.xcassets; sourceTree = "<group>"; };
		347D0F9E25952F8A002451EC /* Info.plist */ = {isa = PBXFileReference; lastKnownFileType = text.plist.xml; path = Info.plist; sourceTree = "<group>"; };
		347D0F9F25952F8A002451EC /* Calendr.entitlements */ = {isa = PBXFileReference; lastKnownFileType = text.plist.entitlements; path = Calendr.entitlements; sourceTree = "<group>"; };
		347D0FA425952F8A002451EC /* CalendrTests.xctest */ = {isa = PBXFileReference; explicitFileType = wrapper.cfbundle; includeInIndex = 0; path = CalendrTests.xctest; sourceTree = BUILT_PRODUCTS_DIR; };
		347D0FAA25952F8A002451EC /* Info.plist */ = {isa = PBXFileReference; lastKnownFileType = text.plist.xml; path = Info.plist; sourceTree = "<group>"; };
		347D0FDE259533C3002451EC /* CalendarView.swift */ = {isa = PBXFileReference; lastKnownFileType = sourcecode.swift; path = CalendarView.swift; sourceTree = "<group>"; };
		347D0FE6259544B4002451EC /* NSView+Layout.swift */ = {isa = PBXFileReference; lastKnownFileType = sourcecode.swift; path = "NSView+Layout.swift"; sourceTree = "<group>"; };
		347D0FEC2595467A002451EC /* CalendarCellView.swift */ = {isa = PBXFileReference; lastKnownFileType = sourcecode.swift; path = CalendarCellView.swift; sourceTree = "<group>"; };
		347D0FF125954920002451EC /* EventModel.swift */ = {isa = PBXFileReference; lastKnownFileType = sourcecode.swift; path = EventModel.swift; sourceTree = "<group>"; };
		347D0FF725954975002451EC /* CalendarCellViewModel.swift */ = {isa = PBXFileReference; lastKnownFileType = sourcecode.swift; path = CalendarCellViewModel.swift; sourceTree = "<group>"; };
		347D0FFD259566B5002451EC /* CalendarViewModel.swift */ = {isa = PBXFileReference; lastKnownFileType = sourcecode.swift; path = CalendarViewModel.swift; sourceTree = "<group>"; };
		347E6D3D25AA2811009A6716 /* CalendarViewModelTests.swift */ = {isa = PBXFileReference; lastKnownFileType = sourcecode.swift; path = CalendarViewModelTests.swift; sourceTree = "<group>"; };
		3487A43725E706F800FCC7D7 /* NextEventViewModel.swift */ = {isa = PBXFileReference; lastKnownFileType = sourcecode.swift; path = NextEventViewModel.swift; sourceTree = "<group>"; };
		3487A43B25E70F5B00FCC7D7 /* NextEventView.swift */ = {isa = PBXFileReference; lastKnownFileType = sourcecode.swift; path = NextEventView.swift; sourceTree = "<group>"; };
		348B8D0325B2925100E518FE /* SettingsViewModel.swift */ = {isa = PBXFileReference; lastKnownFileType = sourcecode.swift; path = SettingsViewModel.swift; sourceTree = "<group>"; };
		348E701E25C43C5200B3B160 /* WeekDay.swift */ = {isa = PBXFileReference; lastKnownFileType = sourcecode.swift; path = WeekDay.swift; sourceTree = "<group>"; };
		348E702C25C6161900B3B160 /* EventViewModelFadeTests.swift */ = {isa = PBXFileReference; lastKnownFileType = sourcecode.swift; path = EventViewModelFadeTests.swift; sourceTree = "<group>"; };
		348E703625C6173400B3B160 /* EventViewModelProgressTests.swift */ = {isa = PBXFileReference; lastKnownFileType = sourcecode.swift; path = EventViewModelProgressTests.swift; sourceTree = "<group>"; };
		348E703B25C617F100B3B160 /* MockDateProvider.swift */ = {isa = PBXFileReference; lastKnownFileType = sourcecode.swift; path = MockDateProvider.swift; sourceTree = "<group>"; };
		348E704A25C61B8D00B3B160 /* Radio.swift */ = {isa = PBXFileReference; lastKnownFileType = sourcecode.swift; path = Radio.swift; sourceTree = "<group>"; };
		34924CD5259FB814009C3450 /* CalendarExtensionTests.swift */ = {isa = PBXFileReference; lastKnownFileType = sourcecode.swift; path = CalendarExtensionTests.swift; sourceTree = "<group>"; };
		34924CE3259FCB36009C3450 /* DateSelectorTests.swift */ = {isa = PBXFileReference; lastKnownFileType = sourcecode.swift; path = DateSelectorTests.swift; sourceTree = "<group>"; };
		34924CED259FD064009C3450 /* DateFormatter.swift */ = {isa = PBXFileReference; lastKnownFileType = sourcecode.swift; path = DateFormatter.swift; sourceTree = "<group>"; };
		34926A702931B18C0090C8FC /* NSControl.swift */ = {isa = PBXFileReference; lastKnownFileType = sourcecode.swift; path = NSControl.swift; sourceTree = "<group>"; };
		3492C45B269F77E0009CFAD2 /* CalendarViewTests.swift */ = {isa = PBXFileReference; lastKnownFileType = sourcecode.swift; path = CalendarViewTests.swift; sourceTree = "<group>"; };
		3492C45D269F7966009CFAD2 /* UITestCase+Queries.swift */ = {isa = PBXFileReference; lastKnownFileType = sourcecode.swift; path = "UITestCase+Queries.swift"; sourceTree = "<group>"; };
		3492C45F269FCF5B009CFAD2 /* Accessibility.swift */ = {isa = PBXFileReference; lastKnownFileType = sourcecode.swift; path = Accessibility.swift; sourceTree = "<group>"; };
		3492C465269FD6CE009CFAD2 /* MainViewTests.swift */ = {isa = PBXFileReference; lastKnownFileType = sourcecode.swift; path = MainViewTests.swift; sourceTree = "<group>"; };
		34934CD528E69520009635D4 /* Prefs+UserDefaults.swift */ = {isa = PBXFileReference; lastKnownFileType = sourcecode.swift; path = "Prefs+UserDefaults.swift"; sourceTree = "<group>"; };
		34934CD728E71B0F009635D4 /* UserDefaults+Rx.swift */ = {isa = PBXFileReference; lastKnownFileType = sourcecode.swift; path = "UserDefaults+Rx.swift"; sourceTree = "<group>"; };
		349355A525BCA8D400957945 /* EventListView.swift */ = {isa = PBXFileReference; lastKnownFileType = sourcecode.swift; path = EventListView.swift; sourceTree = "<group>"; };
		349355A925BCA8DF00957945 /* EventView.swift */ = {isa = PBXFileReference; lastKnownFileType = sourcecode.swift; path = EventView.swift; sourceTree = "<group>"; };
		349355B125BCB07B00957945 /* EventViewModel.swift */ = {isa = PBXFileReference; lastKnownFileType = sourcecode.swift; path = EventViewModel.swift; sourceTree = "<group>"; };
		349E4CEE25CF48ED00A6FC18 /* VirtualTimeScheduler.swift */ = {isa = PBXFileReference; lastKnownFileType = sourcecode.swift; path = VirtualTimeScheduler.swift; sourceTree = "<group>"; };
		34A4C3E825963FB200D0F949 /* NSStackView.swift */ = {isa = PBXFileReference; lastKnownFileType = sourcecode.swift; path = NSStackView.swift; sourceTree = "<group>"; };
		34A6434C25F42375000A0F08 /* EventViewPreview.swift */ = {isa = PBXFileReference; fileEncoding = 4; lastKnownFileType = sourcecode.swift; path = EventViewPreview.swift; sourceTree = "<group>"; };
		34AC60C526925FA5005312B6 /* PreviewExtensions.swift */ = {isa = PBXFileReference; lastKnownFileType = sourcecode.swift; path = PreviewExtensions.swift; sourceTree = "<group>"; };
		34B1C7C425EDA01F00E5CA80 /* EventIntervalView.swift */ = {isa = PBXFileReference; lastKnownFileType = sourcecode.swift; path = EventIntervalView.swift; sourceTree = "<group>"; };
		34B23E9B25C0C94000DADCD6 /* NSButton+Rx.swift */ = {isa = PBXFileReference; lastKnownFileType = sourcecode.swift; path = "NSButton+Rx.swift"; sourceTree = "<group>"; };
		34B2C59D279FFF0600B52BF3 /* NSClickGestureRecognizer+Rx.swift */ = {isa = PBXFileReference; lastKnownFileType = sourcecode.swift; path = "NSClickGestureRecognizer+Rx.swift"; sourceTree = "<group>"; };
		34B5A09225B0CE6F00F7F7ED /* SettingsViewController.swift */ = {isa = PBXFileReference; lastKnownFileType = sourcecode.swift; path = SettingsViewController.swift; sourceTree = "<group>"; };
		34B5A09625B0F8A500F7F7ED /* NSButton.swift */ = {isa = PBXFileReference; lastKnownFileType = sourcecode.swift; path = NSButton.swift; sourceTree = "<group>"; };
		34B5A09C25B118EC00F7F7ED /* CalendarPickerViewModel.swift */ = {isa = PBXFileReference; lastKnownFileType = sourcecode.swift; path = CalendarPickerViewModel.swift; sourceTree = "<group>"; };
		34C2CF9025C2070400FC2CFF /* EventViewModelTests.swift */ = {isa = PBXFileReference; lastKnownFileType = sourcecode.swift; path = EventViewModelTests.swift; sourceTree = "<group>"; };
		34C4599A25DEFFDA00561C29 /* Calendr-Bridging-Header.h */ = {isa = PBXFileReference; lastKnownFileType = sourcecode.c.h; path = "Calendr-Bridging-Header.h"; sourceTree = "<group>"; };
		34C4599B25DEFFDA00561C29 /* BuildConfig.m */ = {isa = PBXFileReference; lastKnownFileType = sourcecode.c.objc; path = BuildConfig.m; sourceTree = "<group>"; };
		34C459A325DF030000561C29 /* BuildConfig.swift */ = {isa = PBXFileReference; lastKnownFileType = sourcecode.swift; path = BuildConfig.swift; sourceTree = "<group>"; };
		34C459BB25DF114300561C29 /* AboutViewController.swift */ = {isa = PBXFileReference; lastKnownFileType = sourcecode.swift; path = AboutViewController.swift; sourceTree = "<group>"; };
		34C72F7D25E844E500FD20FA /* NextEventViewModelTests.swift */ = {isa = PBXFileReference; lastKnownFileType = sourcecode.swift; path = NextEventViewModelTests.swift; sourceTree = "<group>"; };
		34C72F8325E88B6600FD20FA /* MockStatusItemSettings.swift */ = {isa = PBXFileReference; lastKnownFileType = sourcecode.swift; path = MockStatusItemSettings.swift; sourceTree = "<group>"; };
		34C72F8725E88C0300FD20FA /* MockPopoverSettings.swift */ = {isa = PBXFileReference; lastKnownFileType = sourcecode.swift; path = MockPopoverSettings.swift; sourceTree = "<group>"; };
		34C72F8B25E88DA100FD20FA /* MockCalendarSettings.swift */ = {isa = PBXFileReference; lastKnownFileType = sourcecode.swift; path = MockCalendarSettings.swift; sourceTree = "<group>"; };
		34C72F9525E8A05700FD20FA /* MockNextEventSettings.swift */ = {isa = PBXFileReference; lastKnownFileType = sourcecode.swift; path = MockNextEventSettings.swift; sourceTree = "<group>"; };
		34C72F9B25E9847300FD20FA /* EventListViewModel.swift */ = {isa = PBXFileReference; lastKnownFileType = sourcecode.swift; path = EventListViewModel.swift; sourceTree = "<group>"; };
		34C72FA125E987F000FD20FA /* EventListViewModelTests.swift */ = {isa = PBXFileReference; lastKnownFileType = sourcecode.swift; path = EventListViewModelTests.swift; sourceTree = "<group>"; };
		34CC382C25B636A6006CBD99 /* Checkbox.swift */ = {isa = PBXFileReference; lastKnownFileType = sourcecode.swift; path = Checkbox.swift; sourceTree = "<group>"; };
		34D19FBF262299D300B2732C /* NSEdgeInsets.swift */ = {isa = PBXFileReference; lastKnownFileType = sourcecode.swift; path = NSEdgeInsets.swift; sourceTree = "<group>"; };
		34D19FC52622A02C00B2732C /* EventDetailsViewModelTests.swift */ = {isa = PBXFileReference; lastKnownFileType = sourcecode.swift; path = EventDetailsViewModelTests.swift; sourceTree = "<group>"; };
		34D19FCB2622B9CC00B2732C /* EventMeta.swift */ = {isa = PBXFileReference; lastKnownFileType = sourcecode.swift; path = EventMeta.swift; sourceTree = "<group>"; };
		34D25E49292F9E2100557E70 /* ImageButton.swift */ = {isa = PBXFileReference; lastKnownFileType = sourcecode.swift; path = ImageButton.swift; sourceTree = "<group>"; };
		34D3655729402D5700849457 /* NSColor.swift */ = {isa = PBXFileReference; lastKnownFileType = sourcecode.swift; path = NSColor.swift; sourceTree = "<group>"; };
		34D55FE225F06669007F5C81 /* Sequence.swift */ = {isa = PBXFileReference; lastKnownFileType = sourcecode.swift; path = Sequence.swift; sourceTree = "<group>"; };
		34E004A625B61D5200241419 /* StatusItemViewModel.swift */ = {isa = PBXFileReference; lastKnownFileType = sourcecode.swift; path = StatusItemViewModel.swift; sourceTree = "<group>"; };
		34E1902225B76CFE00E9491B /* CalendarPickerViewModelTests.swift */ = {isa = PBXFileReference; lastKnownFileType = sourcecode.swift; path = CalendarPickerViewModelTests.swift; sourceTree = "<group>"; };
		34E60D6026A0D6D6004DA082 /* NSAccessibilityProtocol+Rx.swift */ = {isa = PBXFileReference; lastKnownFileType = sourcecode.swift; path = "NSAccessibilityProtocol+Rx.swift"; sourceTree = "<group>"; };
		34E60D6226A0EA32004DA082 /* NSAccessibilityProtocol.swift */ = {isa = PBXFileReference; lastKnownFileType = sourcecode.swift; path = NSAccessibilityProtocol.swift; sourceTree = "<group>"; };
		34E66E2627C41B5C00A7A77A /* de */ = {isa = PBXFileReference; lastKnownFileType = text.plist.strings; name = de; path = de.lproj/Localizable.strings; sourceTree = "<group>"; };
		34F128D025968044007DF31C /* Label.swift */ = {isa = PBXFileReference; lastKnownFileType = sourcecode.swift; path = Label.swift; sourceTree = "<group>"; };
		34F128E02597B9C9007DF31C /* MainViewController.swift */ = {isa = PBXFileReference; lastKnownFileType = sourcecode.swift; path = MainViewController.swift; sourceTree = "<group>"; };
		34F128F12597C340007DF31C /* WeekDayCellView.swift */ = {isa = PBXFileReference; lastKnownFileType = sourcecode.swift; path = WeekDayCellView.swift; sourceTree = "<group>"; };
		34F201322693F562006CE2FF /* MockEventListSettings.swift */ = {isa = PBXFileReference; lastKnownFileType = sourcecode.swift; path = MockEventListSettings.swift; sourceTree = "<group>"; };
		34F7E03928427AC00028FF25 /* EventDetailsPreview.swift */ = {isa = PBXFileReference; lastKnownFileType = sourcecode.swift; path = EventDetailsPreview.swift; sourceTree = "<group>"; };
		34F96CED25B523ED0020DEEA /* main.swift */ = {isa = PBXFileReference; lastKnownFileType = sourcecode.swift; path = main.swift; sourceTree = "<group>"; };
		34FD09D825AE269600AAAAE2 /* DateProvider.swift */ = {isa = PBXFileReference; lastKnownFileType = sourcecode.swift; path = DateProvider.swift; sourceTree = "<group>"; };
/* End PBXFileReference section */

/* Begin PBXFrameworksBuildPhase section */
		34427694269B5CA4004CFE1C /* Frameworks */ = {
			isa = PBXFrameworksBuildPhase;
			buildActionMask = 2147483647;
			files = (
			);
			runOnlyForDeploymentPostprocessing = 0;
		};
		347D0F9125952F89002451EC /* Frameworks */ = {
			isa = PBXFrameworksBuildPhase;
			buildActionMask = 2147483647;
			files = (
				3418208426755CC80075B3DC /* RxCocoa in Frameworks */,
				3418207E26755CC80075B3DC /* RxSwift in Frameworks */,
			);
			runOnlyForDeploymentPostprocessing = 0;
		};
		347D0FA125952F8A002451EC /* Frameworks */ = {
			isa = PBXFrameworksBuildPhase;
			buildActionMask = 2147483647;
			files = (
				3418208026755CC80075B3DC /* RxTest in Frameworks */,
			);
			runOnlyForDeploymentPostprocessing = 0;
		};
/* End PBXFrameworksBuildPhase section */

/* Begin PBXGroup section */
		3408F17925FABF3C00C1EAD4 /* Events */ = {
			isa = PBXGroup;
			children = (
				3408F17525FAAA4B00C1EAD4 /* EventDetailsViewController.swift */,
				3477F3CD25FAE56A008EA888 /* EventDetailsViewModel.swift */,
				34B1C7C425EDA01F00E5CA80 /* EventIntervalView.swift */,
				349355A525BCA8D400957945 /* EventListView.swift */,
				34C72F9B25E9847300FD20FA /* EventListViewModel.swift */,
				3453E6FE28393943002DCC3C /* EventOptions.swift */,
				349355A925BCA8DF00957945 /* EventView.swift */,
				349355B125BCB07B00957945 /* EventViewModel.swift */,
				3442414F267EA65200142028 /* ReminderOptions.swift */,
			);
			path = Events;
			sourceTree = "<group>";
		};
		3421DA102693E6FF00056837 /* Mocks */ = {
			isa = PBXGroup;
			children = (
				3421DA192693F12400056837 /* Factories */,
				3421DA132693E75A00056837 /* MockCalendarServiceProvider.swift */,
				3421DA152693EDEB00056837 /* MockCalendarSettings.swift */,
				3421DA172693EEBD00056837 /* MockDateProvider.swift */,
				34F201322693F562006CE2FF /* MockEventListSettings.swift */,
				3421DA112693E70E00056837 /* MockPopoverSettings.swift */,
			);
			path = Mocks;
			sourceTree = "<group>";
		};
		3421DA192693F12400056837 /* Factories */ = {
			isa = PBXGroup;
			children = (
				3421DA1D2693F12400056837 /* Calendar+Factory.swift */,
				3421DA1B2693F12400056837 /* CalendarModel+Factory.swift */,
				3421DA1A2693F12400056837 /* Date+Factory.swift */,
				3421DA1C2693F12400056837 /* EventModel+Factory.swift */,
				3421930727999FB7002BCD36 /* TimeZone+Factory.swift */,
			);
			path = Factories;
			sourceTree = "<group>";
		};
		34273BDC25E19B1000B35091 /* Config */ = {
			isa = PBXGroup;
			children = (
				34C4599B25DEFFDA00561C29 /* BuildConfig.m */,
				34C459A325DF030000561C29 /* BuildConfig.swift */,
				34C4599A25DEFFDA00561C29 /* Calendr-Bridging-Header.h */,
				347D0F9F25952F8A002451EC /* Calendr.entitlements */,
				347D0F9E25952F8A002451EC /* Info.plist */,
				34F96CED25B523ED0020DEEA /* main.swift */,
				34651EFB25E1B26800518C5A /* swiftgen.yml */,
			);
			path = Config;
			sourceTree = "<group>";
		};
		34273BDD25E19B7500B35091 /* Main */ = {
			isa = PBXGroup;
			children = (
				347D0F9725952F89002451EC /* AppDelegate.swift */,
				345FBD98293EA476005DD6DF /* Keyboard.swift */,
				34F128E02597B9C9007DF31C /* MainViewController.swift */,
				34427691269B5760004CFE1C /* MockMainViewController.swift */,
			);
			path = Main;
			sourceTree = "<group>";
		};
		34273C2F25E1AE2800B35091 /* Assets */ = {
			isa = PBXGroup;
			children = (
				3492C45F269FCF5B009CFAD2 /* Accessibility.swift */,
				3409173A267E90210023B76D /* Icons.swift */,
				347D0F9925952F8A002451EC /* Images.xcassets */,
				3492C461269FCFB7009CFAD2 /* Generated */,
				34651F2C25E1C99900518C5A /* Localizable.strings */,
			);
			path = Assets;
			sourceTree = "<group>";
		};
		3430676125F6C117000D4003 /* Schedulers */ = {
			isa = PBXGroup;
			children = (
				3430675D25F6BC15000D4003 /* HistoricalSchedulerTimeConverter.swift */,
				3430676225F6C130000D4003 /* TrackedHistoricalScheduler.swift */,
				349E4CEE25CF48ED00A6FC18 /* VirtualTimeScheduler.swift */,
			);
			path = Schedulers;
			sourceTree = "<group>";
		};
		34427698269B5CA4004CFE1C /* CalendrUITests */ = {
			isa = PBXGroup;
			children = (
				3442769B269B5CA4004CFE1C /* Info.plist */,
				3492C45B269F77E0009CFAD2 /* CalendarViewTests.swift */,
				3492C465269FD6CE009CFAD2 /* MainViewTests.swift */,
				3408B26D26A5008700DA8429 /* SettingsTests.swift */,
				34427699269B5CA4004CFE1C /* UITestCase.swift */,
				3492C45D269F7966009CFAD2 /* UITestCase+Queries.swift */,
				343B74C926D169E80081A440 /* UITests.xctestplan */,
			);
			path = CalendrUITests;
			sourceTree = "<group>";
		};
		347D0F8B25952F89002451EC = {
			isa = PBXGroup;
			children = (
				347D0F9625952F89002451EC /* Calendr */,
				347D0FA725952F8A002451EC /* CalendrTests */,
				34427698269B5CA4004CFE1C /* CalendrUITests */,
				347D0F9525952F89002451EC /* Products */,
			);
			sourceTree = "<group>";
		};
		347D0F9525952F89002451EC /* Products */ = {
			isa = PBXGroup;
			children = (
				347D0F9425952F89002451EC /* Calendr.app */,
				347D0FA425952F8A002451EC /* CalendrTests.xctest */,
				34427697269B5CA4004CFE1C /* CalendrUITests.xctest */,
			);
			name = Products;
			sourceTree = "<group>";
		};
		347D0F9625952F89002451EC /* Calendr */ = {
			isa = PBXGroup;
			children = (
				34273C2F25E1AE2800B35091 /* Assets */,
				347D0FDD259532E7002451EC /* Calendar */,
				347D0FE22595384E002451EC /* Components */,
				34273BDC25E19B1000B35091 /* Config */,
				3408F17925FABF3C00C1EAD4 /* Events */,
				347D0FE525954481002451EC /* Extensions */,
				34273BDD25E19B7500B35091 /* Main */,
				34CC383425B64432006CBD99 /* MenuBar */,
				347D0FF025954916002451EC /* Models */,
				3421DA102693E6FF00056837 /* Mocks */,
				34A6434B25F42375000A0F08 /* Previews */,
				347E6D4125AA28FA009A6716 /* Providers */,
				34D5601D25F197F1007F5C81 /* Schedulers */,
				34F88A8425B0CDA3005C9BA6 /* Settings */,
			);
			path = Calendr;
			sourceTree = "<group>";
		};
		347D0FA725952F8A002451EC /* CalendrTests */ = {
			isa = PBXGroup;
			children = (
				347D0FAA25952F8A002451EC /* Info.plist */,
				34924CD5259FB814009C3450 /* CalendarExtensionTests.swift */,
				34E1902225B76CFE00E9491B /* CalendarPickerViewModelTests.swift */,
				347E6D3D25AA2811009A6716 /* CalendarViewModelTests.swift */,
				34924CE3259FCB36009C3450 /* DateSelectorTests.swift */,
				34D19FC52622A02C00B2732C /* EventDetailsViewModelTests.swift */,
				34C72FA125E987F000FD20FA /* EventListViewModelTests.swift */,
				348E702C25C6161900B3B160 /* EventViewModelFadeTests.swift */,
				34651F6D25E3171D00518C5A /* EventViewModelLinkTests.swift */,
				348E703625C6173400B3B160 /* EventViewModelProgressTests.swift */,
				34C2CF9025C2070400FC2CFF /* EventViewModelTests.swift */,
				34C72F7D25E844E500FD20FA /* NextEventViewModelTests.swift */,
				3421AD3C25BA1D0800A4F468 /* SettingsViewModelTests.swift */,
				341B2B4125D0B19500336342 /* StatusItemViewModelTests.swift */,
				343B74C826D168A80081A440 /* UnitTests.xctestplan */,
				348E703A25C617DD00B3B160 /* Mocks */,
				3430676125F6C117000D4003 /* Schedulers */,
			);
			path = CalendrTests;
			sourceTree = "<group>";
		};
		347D0FDD259532E7002451EC /* Calendar */ = {
			isa = PBXGroup;
			children = (
				347D0FEC2595467A002451EC /* CalendarCellView.swift */,
				347D0FF725954975002451EC /* CalendarCellViewModel.swift */,
				347D0FDE259533C3002451EC /* CalendarView.swift */,
				347D0FFD259566B5002451EC /* CalendarViewModel.swift */,
				3408D13D25982DB400CF1425 /* DateSelector.swift */,
				34F128F12597C340007DF31C /* WeekDayCellView.swift */,
				34286E4525D5CD9C0097EC5D /* WeekNumberCellView.swift */,
			);
			path = Calendar;
			sourceTree = "<group>";
		};
		347D0FE22595384E002451EC /* Components */ = {
			isa = PBXGroup;
			children = (
				34CC382C25B636A6006CBD99 /* Checkbox.swift */,
				341B2B3D25D06A6F00336342 /* Dropdown.swift */,
				34D25E49292F9E2100557E70 /* ImageButton.swift */,
				34F128D025968044007DF31C /* Label.swift */,
				348E704A25C61B8D00B3B160 /* Radio.swift */,
			);
			path = Components;
			sourceTree = "<group>";
		};
		347D0FE525954481002451EC /* Extensions */ = {
			isa = PBXGroup;
			children = (
				3453E6FC28386A84002DCC3C /* Bool.swift */,
				34702167259E761100827AE7 /* Calendar.swift */,
				34924CED259FD064009C3450 /* DateFormatter.swift */,
				34651F5325E22A3900518C5A /* DateIntervalFormatter.swift */,
				3433E879294AA3D50042533A /* Notification.swift */,
				34E60D6226A0EA32004DA082 /* NSAccessibilityProtocol.swift */,
				34E60D6026A0D6D6004DA082 /* NSAccessibilityProtocol+Rx.swift */,
				34B5A09625B0F8A500F7F7ED /* NSButton.swift */,
				34B23E9B25C0C94000DADCD6 /* NSButton+Rx.swift */,
				34B2C59D279FFF0600B52BF3 /* NSClickGestureRecognizer+Rx.swift */,
				34D3655729402D5700849457 /* NSColor.swift */,
				34926A702931B18C0090C8FC /* NSControl.swift */,
				34D19FBF262299D300B2732C /* NSEdgeInsets.swift */,
				34091736267E81870023B76D /* NSImage.swift */,
				34A4C3E825963FB200D0F949 /* NSStackView.swift */,
				3430ED02259634E00045DA53 /* NSStackView+Rx.swift */,
				3470654A292EFCF90079C68A /* NSTextView.swift */,
				341B2B4725D0C9A600336342 /* NSView.swift */,
				347D0FE6259544B4002451EC /* NSView+Layout.swift */,
				3477F3E325FD5285008EA888 /* NSView+Rx.swift */,
				3477F3E725FD52AA008EA888 /* NSViewController+Rx.swift */,
				34305BCA25992A4E00AB381D /* Rx+Helpers.swift */,
				34D55FE225F06669007F5C81 /* Sequence.swift */,
				34651F5925E2F08500518C5A /* String.swift */,
				34934CD728E71B0F009635D4 /* UserDefaults+Rx.swift */,
			);
			path = Extensions;
			sourceTree = "<group>";
		};
		347D0FF025954916002451EC /* Models */ = {
			isa = PBXGroup;
			children = (
				3470214F259E163000827AE7 /* CalendarModel.swift */,
				3468E650284BD3D600B21EC8 /* EventLink.swift */,
				34D19FCB2622B9CC00B2732C /* EventMeta.swift */,
				347D0FF125954920002451EC /* EventModel.swift */,
				348E701E25C43C5200B3B160 /* WeekDay.swift */,
				3468E652284BD44600B21EC8 /* EventBarStyle.swift */,
			);
			path = Models;
			sourceTree = "<group>";
		};
		347E6D4125AA28FA009A6716 /* Providers */ = {
			isa = PBXGroup;
			children = (
				34702149259DFF3000827AE7 /* CalendarServiceProvider.swift */,
				34FD09D825AE269600AAAAE2 /* DateProvider.swift */,
				346E70C82802278E00A785FF /* ScreenProvider.swift */,
				34651F7325E3207200518C5A /* WorkspaceServiceProvider.swift */,
			);
			path = Providers;
			sourceTree = "<group>";
		};
		348E703A25C617DD00B3B160 /* Mocks */ = {
			isa = PBXGroup;
			children = (
				3477F3D325FAF079008EA888 /* MockCalendarServiceProvider.swift */,
				34C72F8B25E88DA100FD20FA /* MockCalendarSettings.swift */,
				348E703B25C617F100B3B160 /* MockDateProvider.swift */,
				3477F3D925FD44C1008EA888 /* MockEventListSettings.swift */,
				34C72F9525E8A05700FD20FA /* MockNextEventSettings.swift */,
				34C72F8725E88C0300FD20FA /* MockPopoverSettings.swift */,
				346E70CA2802289F00A785FF /* MockScreenProvider.swift */,
				34C72F8325E88B6600FD20FA /* MockStatusItemSettings.swift */,
				34651F7925E325EA00518C5A /* MockWorkspaceServiceProvider.swift */,
			);
			path = Mocks;
			sourceTree = "<group>";
		};
		3492C461269FCFB7009CFAD2 /* Generated */ = {
			isa = PBXGroup;
			children = (
				34651F1425E1BB8400518C5A /* Strings.generated.swift */,
			);
			path = Generated;
			sourceTree = "<group>";
		};
		34A6434B25F42375000A0F08 /* Previews */ = {
			isa = PBXGroup;
			children = (
				345DD97226920D1B00294D90 /* CalendarViewPreview.swift */,
				34F7E03928427AC00028FF25 /* EventDetailsPreview.swift */,
				3421DA0D2693E35000056837 /* EventListViewPreview.swift */,
				34A6434C25F42375000A0F08 /* EventViewPreview.swift */,
				34AC60C526925FA5005312B6 /* PreviewExtensions.swift */,
			);
			path = Previews;
			sourceTree = "<group>";
		};
		34CC383425B64432006CBD99 /* MenuBar */ = {
			isa = PBXGroup;
			children = (
				3487A43B25E70F5B00FCC7D7 /* NextEventView.swift */,
				3487A43725E706F800FCC7D7 /* NextEventViewModel.swift */,
				34E004A625B61D5200241419 /* StatusItemViewModel.swift */,
			);
			path = MenuBar;
			sourceTree = "<group>";
		};
		34D5601D25F197F1007F5C81 /* Schedulers */ = {
			isa = PBXGroup;
			children = (
				341692C125F1AA570019E8A8 /* WallTimeScheduler.swift */,
			);
			path = Schedulers;
			sourceTree = "<group>";
		};
		34F88A8425B0CDA3005C9BA6 /* Settings */ = {
			isa = PBXGroup;
			children = (
				34C459BB25DF114300561C29 /* AboutViewController.swift */,
				3449403125C348C70020E664 /* CalendarPickerViewController.swift */,
				34B5A09C25B118EC00F7F7ED /* CalendarPickerViewModel.swift */,
				3449402D25C348B20020E664 /* GeneralSettingsViewController.swift */,
				34934CD528E69520009635D4 /* Prefs+UserDefaults.swift */,
				34B5A09225B0CE6F00F7F7ED /* SettingsViewController.swift */,
				348B8D0325B2925100E518FE /* SettingsViewModel.swift */,
			);
			path = Settings;
			sourceTree = "<group>";
		};
/* End PBXGroup section */

/* Begin PBXNativeTarget section */
		34427696269B5CA4004CFE1C /* CalendrUITests */ = {
			isa = PBXNativeTarget;
			buildConfigurationList = 3442769E269B5CA4004CFE1C /* Build configuration list for PBXNativeTarget "CalendrUITests" */;
			buildPhases = (
				34427693269B5CA4004CFE1C /* Sources */,
				34427694269B5CA4004CFE1C /* Frameworks */,
				34427695269B5CA4004CFE1C /* Resources */,
			);
			buildRules = (
			);
			dependencies = (
				3442769D269B5CA4004CFE1C /* PBXTargetDependency */,
			);
			name = CalendrUITests;
			productName = CalendrUITests;
			productReference = 34427697269B5CA4004CFE1C /* CalendrUITests.xctest */;
			productType = "com.apple.product-type.bundle.ui-testing";
		};
		347D0F9325952F89002451EC /* Calendr */ = {
			isa = PBXNativeTarget;
			buildConfigurationList = 347D0FB825952F8A002451EC /* Build configuration list for PBXNativeTarget "Calendr" */;
			buildPhases = (
				34651EFA25E1B10000518C5A /* SwiftGen */,
				347D0F9025952F89002451EC /* Sources */,
				347D0F9125952F89002451EC /* Frameworks */,
				347D0F9225952F89002451EC /* Resources */,
			);
			buildRules = (
			);
			dependencies = (
			);
			name = Calendr;
			packageProductDependencies = (
				3418207D26755CC80075B3DC /* RxSwift */,
				3418208326755CC80075B3DC /* RxCocoa */,
			);
			productName = Calendr;
			productReference = 347D0F9425952F89002451EC /* Calendr.app */;
			productType = "com.apple.product-type.application";
		};
		347D0FA325952F8A002451EC /* CalendrTests */ = {
			isa = PBXNativeTarget;
			buildConfigurationList = 347D0FBB25952F8A002451EC /* Build configuration list for PBXNativeTarget "CalendrTests" */;
			buildPhases = (
				347D0FA025952F8A002451EC /* Sources */,
				347D0FA125952F8A002451EC /* Frameworks */,
				347D0FA225952F8A002451EC /* Resources */,
			);
			buildRules = (
			);
			dependencies = (
				347D0FA625952F8A002451EC /* PBXTargetDependency */,
			);
			name = CalendrTests;
			packageProductDependencies = (
				3418207F26755CC80075B3DC /* RxTest */,
			);
			productName = CalendrTests;
			productReference = 347D0FA425952F8A002451EC /* CalendrTests.xctest */;
			productType = "com.apple.product-type.bundle.unit-test";
		};
/* End PBXNativeTarget section */

/* Begin PBXProject section */
		347D0F8C25952F89002451EC /* Project object */ = {
			isa = PBXProject;
			attributes = {
				LastSwiftUpdateCheck = 1250;
				LastUpgradeCheck = 1400;
				TargetAttributes = {
					34427696269B5CA4004CFE1C = {
						CreatedOnToolsVersion = 12.5.1;
						TestTargetID = 347D0F9325952F89002451EC;
					};
					347D0F9325952F89002451EC = {
						CreatedOnToolsVersion = 12.3;
						LastSwiftMigration = 1240;
					};
					347D0FA325952F8A002451EC = {
						CreatedOnToolsVersion = 12.3;
						TestTargetID = 347D0F9325952F89002451EC;
					};
				};
			};
			buildConfigurationList = 347D0F8F25952F89002451EC /* Build configuration list for PBXProject "Calendr" */;
			compatibilityVersion = "Xcode 9.3";
			developmentRegion = en;
			hasScannedForEncodings = 0;
			knownRegions = (
				en,
				pt,
				fr,
				Base,
				es,
				de,
			);
			mainGroup = 347D0F8B25952F89002451EC;
			packageReferences = (
				3418207C26755CC80075B3DC /* XCRemoteSwiftPackageReference "RxSwift" */,
			);
			productRefGroup = 347D0F9525952F89002451EC /* Products */;
			projectDirPath = "";
			projectRoot = "";
			targets = (
				347D0F9325952F89002451EC /* Calendr */,
				347D0FA325952F8A002451EC /* CalendrTests */,
				34427696269B5CA4004CFE1C /* CalendrUITests */,
			);
		};
/* End PBXProject section */

/* Begin PBXResourcesBuildPhase section */
		34427695269B5CA4004CFE1C /* Resources */ = {
			isa = PBXResourcesBuildPhase;
			buildActionMask = 2147483647;
			files = (
			);
			runOnlyForDeploymentPostprocessing = 0;
		};
		347D0F9225952F89002451EC /* Resources */ = {
			isa = PBXResourcesBuildPhase;
			buildActionMask = 2147483647;
			files = (
				34651F2F25E1C99900518C5A /* Localizable.strings in Resources */,
				347D0F9A25952F8A002451EC /* Images.xcassets in Resources */,
			);
			runOnlyForDeploymentPostprocessing = 0;
		};
		347D0FA225952F8A002451EC /* Resources */ = {
			isa = PBXResourcesBuildPhase;
			buildActionMask = 2147483647;
			files = (
			);
			runOnlyForDeploymentPostprocessing = 0;
		};
/* End PBXResourcesBuildPhase section */

/* Begin PBXShellScriptBuildPhase section */
		34651EFA25E1B10000518C5A /* SwiftGen */ = {
			isa = PBXShellScriptBuildPhase;
			buildActionMask = 2147483647;
			files = (
			);
			inputFileListPaths = (
			);
			inputPaths = (
				"${SRCROOT}/${TARGET_NAME}/Assets/en.lproj/Localizable.strings",
			);
			name = SwiftGen;
			outputFileListPaths = (
			);
			outputPaths = (
				"${SRCROOT}/${TARGET_NAME}/Assets/Generated/Strings.generated.swift",
			);
			runOnlyForDeploymentPostprocessing = 0;
			shellPath = /bin/sh;
			shellScript = "if [[ -z $CI ]]; then\n    if ! [ -x \"$(command -v swiftgen)\" ]; then\n        echo \"error: Please install SwiftGen\"\n        exit -1\n    fi\n    swiftgen --config \"Calendr/Config/swiftgen.yml\"\nfi\n";
		};
/* End PBXShellScriptBuildPhase section */

/* Begin PBXSourcesBuildPhase section */
		34427693269B5CA4004CFE1C /* Sources */ = {
			isa = PBXSourcesBuildPhase;
			buildActionMask = 2147483647;
			files = (
				3408B26E26A5008700DA8429 /* SettingsTests.swift in Sources */,
				3492C466269FD6CE009CFAD2 /* MainViewTests.swift in Sources */,
				3492C45E269F7966009CFAD2 /* UITestCase+Queries.swift in Sources */,
				3492C464269FD64D009CFAD2 /* Accessibility.swift in Sources */,
				3492C45C269F77E0009CFAD2 /* CalendarViewTests.swift in Sources */,
				3442769A269B5CA4004CFE1C /* UITestCase.swift in Sources */,
			);
			runOnlyForDeploymentPostprocessing = 0;
		};
		347D0F9025952F89002451EC /* Sources */ = {
			isa = PBXSourcesBuildPhase;
			buildActionMask = 2147483647;
			files = (
				347D0FDF259533C3002451EC /* CalendarView.swift in Sources */,
				3421DA1F2693F12400056837 /* CalendarModel+Factory.swift in Sources */,
				34B5A09D25B118EC00F7F7ED /* CalendarPickerViewModel.swift in Sources */,
				3421DA0E2693E35000056837 /* EventListViewPreview.swift in Sources */,
				34651F5A25E2F08500518C5A /* String.swift in Sources */,
				34651F7425E3207200518C5A /* WorkspaceServiceProvider.swift in Sources */,
				34286E4625D5CD9C0097EC5D /* WeekNumberCellView.swift in Sources */,
				341B2B3E25D06A6F00336342 /* Dropdown.swift in Sources */,
				347D0F9825952F89002451EC /* AppDelegate.swift in Sources */,
				3449403225C348C70020E664 /* CalendarPickerViewController.swift in Sources */,
				3421DA122693E70E00056837 /* MockPopoverSettings.swift in Sources */,
				3477F3E825FD52AA008EA888 /* NSViewController+Rx.swift in Sources */,
				34B5A09325B0CE6F00F7F7ED /* SettingsViewController.swift in Sources */,
				3421930827999FB7002BCD36 /* TimeZone+Factory.swift in Sources */,
				345DD97326920D1B00294D90 /* CalendarViewPreview.swift in Sources */,
				3492C460269FCF5B009CFAD2 /* Accessibility.swift in Sources */,
				348E704B25C61B8D00B3B160 /* Radio.swift in Sources */,
				347D0FF825954975002451EC /* CalendarCellViewModel.swift in Sources */,
				34E60D6126A0D6D6004DA082 /* NSAccessibilityProtocol+Rx.swift in Sources */,
				349355AA25BCA8DF00957945 /* EventView.swift in Sources */,
				3409173B267E90210023B76D /* Icons.swift in Sources */,
				3421DA182693EEBD00056837 /* MockDateProvider.swift in Sources */,
				348E701F25C43C5200B3B160 /* WeekDay.swift in Sources */,
				34091737267E81870023B76D /* NSImage.swift in Sources */,
				3468E653284BD44600B21EC8 /* EventBarStyle.swift in Sources */,
				34F128E12597B9C9007DF31C /* MainViewController.swift in Sources */,
				34934CD828E71B0F009635D4 /* UserDefaults+Rx.swift in Sources */,
				3477F3E425FD5285008EA888 /* NSView+Rx.swift in Sources */,
				34D55FE325F06669007F5C81 /* Sequence.swift in Sources */,
				347D0FED2595467A002451EC /* CalendarCellView.swift in Sources */,
				3421DA212693F12400056837 /* Calendar+Factory.swift in Sources */,
				34934CD628E69520009635D4 /* Prefs+UserDefaults.swift in Sources */,
				34FD09D925AE269600AAAAE2 /* DateProvider.swift in Sources */,
				34D25E4A292F9E2100557E70 /* ImageButton.swift in Sources */,
				34AC60C626925FA5005312B6 /* PreviewExtensions.swift in Sources */,
				3477F3CE25FAE56A008EA888 /* EventDetailsViewModel.swift in Sources */,
				3487A43C25E70F5B00FCC7D7 /* NextEventView.swift in Sources */,
				34C459A425DF030000561C29 /* BuildConfig.swift in Sources */,
				3449402E25C348B20020E664 /* GeneralSettingsViewController.swift in Sources */,
				349355A625BCA8D400957945 /* EventListView.swift in Sources */,
				341B2B4825D0C9A600336342 /* NSView.swift in Sources */,
				34D19FCC2622B9CD00B2732C /* EventMeta.swift in Sources */,
				34424150267EA65200142028 /* ReminderOptions.swift in Sources */,
				345FBD99293EA476005DD6DF /* Keyboard.swift in Sources */,
				34926A712931B18C0090C8FC /* NSControl.swift in Sources */,
				34F96CEE25B523ED0020DEEA /* main.swift in Sources */,
				348B8D0425B2925100E518FE /* SettingsViewModel.swift in Sources */,
				34F128D125968044007DF31C /* Label.swift in Sources */,
				346E70C92802278E00A785FF /* ScreenProvider.swift in Sources */,
				34F128F22597C340007DF31C /* WeekDayCellView.swift in Sources */,
				34C72F9C25E9847300FD20FA /* EventListViewModel.swift in Sources */,
				3421DA142693E75A00056837 /* MockCalendarServiceProvider.swift in Sources */,
				3421DA202693F12400056837 /* EventModel+Factory.swift in Sources */,
				34427692269B5760004CFE1C /* MockMainViewController.swift in Sources */,
				34E60D6326A0EA32004DA082 /* NSAccessibilityProtocol.swift in Sources */,
				34F7E03A28427AC00028FF25 /* EventDetailsPreview.swift in Sources */,
				3421DA1E2693F12400056837 /* Date+Factory.swift in Sources */,
				3487A43825E706F800FCC7D7 /* NextEventViewModel.swift in Sources */,
				34A6434D25F42375000A0F08 /* EventViewPreview.swift in Sources */,
				3453E6FD28386A84002DCC3C /* Bool.swift in Sources */,
				34C459BC25DF114300561C29 /* AboutViewController.swift in Sources */,
				34305BCB25992A4E00AB381D /* Rx+Helpers.swift in Sources */,
				347D0FE7259544B4002451EC /* NSView+Layout.swift in Sources */,
				34B1C7C525EDA01F00E5CA80 /* EventIntervalView.swift in Sources */,
				3408F17625FAAA4B00C1EAD4 /* EventDetailsViewController.swift in Sources */,
				3470654B292EFCF90079C68A /* NSTextView.swift in Sources */,
				341692C225F1AA570019E8A8 /* WallTimeScheduler.swift in Sources */,
				34B5A09725B0F8A500F7F7ED /* NSButton.swift in Sources */,
				34CC382D25B636A6006CBD99 /* Checkbox.swift in Sources */,
				3430ED03259634E00045DA53 /* NSStackView+Rx.swift in Sources */,
				34B2C59E279FFF0600B52BF3 /* NSClickGestureRecognizer+Rx.swift in Sources */,
				34E004A725B61D5200241419 /* StatusItemViewModel.swift in Sources */,
				3433E87A294AA3D50042533A /* Notification.swift in Sources */,
				34D19FC0262299D300B2732C /* NSEdgeInsets.swift in Sources */,
				34702168259E761100827AE7 /* Calendar.swift in Sources */,
				34F201332693F562006CE2FF /* MockEventListSettings.swift in Sources */,
				34C4599C25DEFFDA00561C29 /* BuildConfig.m in Sources */,
				34651F1525E1BB8400518C5A /* Strings.generated.swift in Sources */,
				34651F5425E22A3900518C5A /* DateIntervalFormatter.swift in Sources */,
				3421DA162693EDEB00056837 /* MockCalendarSettings.swift in Sources */,
				347D0FF225954920002451EC /* EventModel.swift in Sources */,
				34A4C3E925963FB200D0F949 /* NSStackView.swift in Sources */,
				34D3655829402D5700849457 /* NSColor.swift in Sources */,
				3453E6FF28393943002DCC3C /* EventOptions.swift in Sources */,
				34924CEE259FD064009C3450 /* DateFormatter.swift in Sources */,
				3468E651284BD3D600B21EC8 /* EventLink.swift in Sources */,
				3470214A259DFF3000827AE7 /* CalendarServiceProvider.swift in Sources */,
				3408D13E25982DB400CF1425 /* DateSelector.swift in Sources */,
				349355B225BCB07B00957945 /* EventViewModel.swift in Sources */,
				34B23E9C25C0C94000DADCD6 /* NSButton+Rx.swift in Sources */,
				347D0FFE259566B5002451EC /* CalendarViewModel.swift in Sources */,
				34702150259E163000827AE7 /* CalendarModel.swift in Sources */,
			);
			runOnlyForDeploymentPostprocessing = 0;
		};
		347D0FA025952F8A002451EC /* Sources */ = {
			isa = PBXSourcesBuildPhase;
			buildActionMask = 2147483647;
			files = (
				348E703C25C617F100B3B160 /* MockDateProvider.swift in Sources */,
				3430675E25F6BC15000D4003 /* HistoricalSchedulerTimeConverter.swift in Sources */,
				34C72F8425E88B6600FD20FA /* MockStatusItemSettings.swift in Sources */,
				34E1902325B76CFE00E9491B /* CalendarPickerViewModelTests.swift in Sources */,
				34924CD6259FB814009C3450 /* CalendarExtensionTests.swift in Sources */,
				3430676325F6C130000D4003 /* TrackedHistoricalScheduler.swift in Sources */,
				34651F6E25E3171D00518C5A /* EventViewModelLinkTests.swift in Sources */,
				3421AD3D25BA1D0800A4F468 /* SettingsViewModelTests.swift in Sources */,
				34651F7A25E325EA00518C5A /* MockWorkspaceServiceProvider.swift in Sources */,
				349E4CEF25CF48ED00A6FC18 /* VirtualTimeScheduler.swift in Sources */,
				34924CE4259FCB36009C3450 /* DateSelectorTests.swift in Sources */,
				34C72F8C25E88DA100FD20FA /* MockCalendarSettings.swift in Sources */,
				34C72F8825E88C0300FD20FA /* MockPopoverSettings.swift in Sources */,
				34C2CF9125C2070400FC2CFF /* EventViewModelTests.swift in Sources */,
				3477F3DA25FD44C1008EA888 /* MockEventListSettings.swift in Sources */,
				346E70CB2802289F00A785FF /* MockScreenProvider.swift in Sources */,
				34C72F7E25E844E500FD20FA /* NextEventViewModelTests.swift in Sources */,
				348E703725C6173400B3B160 /* EventViewModelProgressTests.swift in Sources */,
				3477F3D425FAF079008EA888 /* MockCalendarServiceProvider.swift in Sources */,
				347E6D3E25AA2811009A6716 /* CalendarViewModelTests.swift in Sources */,
				348E702D25C6161900B3B160 /* EventViewModelFadeTests.swift in Sources */,
				34D19FC62622A02C00B2732C /* EventDetailsViewModelTests.swift in Sources */,
				34C72FA225E987F000FD20FA /* EventListViewModelTests.swift in Sources */,
				34C72F9625E8A05700FD20FA /* MockNextEventSettings.swift in Sources */,
				341B2B4225D0B19500336342 /* StatusItemViewModelTests.swift in Sources */,
			);
			runOnlyForDeploymentPostprocessing = 0;
		};
/* End PBXSourcesBuildPhase section */

/* Begin PBXTargetDependency section */
		3442769D269B5CA4004CFE1C /* PBXTargetDependency */ = {
			isa = PBXTargetDependency;
			target = 347D0F9325952F89002451EC /* Calendr */;
			targetProxy = 3442769C269B5CA4004CFE1C /* PBXContainerItemProxy */;
		};
		347D0FA625952F8A002451EC /* PBXTargetDependency */ = {
			isa = PBXTargetDependency;
			target = 347D0F9325952F89002451EC /* Calendr */;
			targetProxy = 347D0FA525952F8A002451EC /* PBXContainerItemProxy */;
		};
/* End PBXTargetDependency section */

/* Begin PBXVariantGroup section */
		34651F2C25E1C99900518C5A /* Localizable.strings */ = {
			isa = PBXVariantGroup;
			children = (
				34651F2D25E1C99900518C5A /* en */,
				34651F2E25E1C99900518C5A /* pt */,
				34651F4E25E1EAFB00518C5A /* fr */,
				34651F8925E4099700518C5A /* es */,
				34E66E2627C41B5C00A7A77A /* de */,
			);
			name = Localizable.strings;
			sourceTree = "<group>";
		};
/* End PBXVariantGroup section */

/* Begin XCBuildConfiguration section */
		3442769F269B5CA4004CFE1C /* Debug */ = {
			isa = XCBuildConfiguration;
			buildSettings = {
				CODE_SIGN_STYLE = Automatic;
				COMBINE_HIDPI_IMAGES = YES;
				DEAD_CODE_STRIPPING = YES;
				INFOPLIST_FILE = CalendrUITests/Info.plist;
				LD_RUNPATH_SEARCH_PATHS = (
					"$(inherited)",
					"@executable_path/../Frameworks",
					"@loader_path/../Frameworks",
				);
				MACOSX_DEPLOYMENT_TARGET = 11.3;
				PRODUCT_BUNDLE_IDENTIFIER = br.paker.Calendr.CalendrUITests;
				PRODUCT_NAME = "$(TARGET_NAME)";
				SWIFT_VERSION = 5.0;
				TEST_TARGET_NAME = Calendr;
			};
			name = Debug;
		};
		344276A0269B5CA4004CFE1C /* Release */ = {
			isa = XCBuildConfiguration;
			buildSettings = {
				CODE_SIGN_STYLE = Automatic;
				COMBINE_HIDPI_IMAGES = YES;
				DEAD_CODE_STRIPPING = YES;
				INFOPLIST_FILE = CalendrUITests/Info.plist;
				LD_RUNPATH_SEARCH_PATHS = (
					"$(inherited)",
					"@executable_path/../Frameworks",
					"@loader_path/../Frameworks",
				);
				MACOSX_DEPLOYMENT_TARGET = 11.3;
				PRODUCT_BUNDLE_IDENTIFIER = br.paker.Calendr.CalendrUITests;
				PRODUCT_NAME = "$(TARGET_NAME)";
				SWIFT_VERSION = 5.0;
				TEST_TARGET_NAME = Calendr;
			};
			name = Release;
		};
		347D0FB625952F8A002451EC /* Debug */ = {
			isa = XCBuildConfiguration;
			buildSettings = {
				ALWAYS_SEARCH_USER_PATHS = NO;
				CLANG_ANALYZER_LOCALIZABILITY_NONLOCALIZED = YES;
				CLANG_ANALYZER_NONNULL = YES;
				CLANG_ANALYZER_NUMBER_OBJECT_CONVERSION = YES_AGGRESSIVE;
				CLANG_CXX_LANGUAGE_STANDARD = "gnu++14";
				CLANG_CXX_LIBRARY = "libc++";
				CLANG_ENABLE_MODULES = YES;
				CLANG_ENABLE_OBJC_ARC = YES;
				CLANG_ENABLE_OBJC_WEAK = YES;
				CLANG_WARN_BLOCK_CAPTURE_AUTORELEASING = YES;
				CLANG_WARN_BOOL_CONVERSION = YES;
				CLANG_WARN_COMMA = YES;
				CLANG_WARN_CONSTANT_CONVERSION = YES;
				CLANG_WARN_DEPRECATED_OBJC_IMPLEMENTATIONS = YES;
				CLANG_WARN_DIRECT_OBJC_ISA_USAGE = YES_ERROR;
				CLANG_WARN_DOCUMENTATION_COMMENTS = YES;
				CLANG_WARN_EMPTY_BODY = YES;
				CLANG_WARN_ENUM_CONVERSION = YES;
				CLANG_WARN_INFINITE_RECURSION = YES;
				CLANG_WARN_INT_CONVERSION = YES;
				CLANG_WARN_NON_LITERAL_NULL_CONVERSION = YES;
				CLANG_WARN_OBJC_IMPLICIT_RETAIN_SELF = YES;
				CLANG_WARN_OBJC_LITERAL_CONVERSION = YES;
				CLANG_WARN_OBJC_ROOT_CLASS = YES_ERROR;
				CLANG_WARN_QUOTED_INCLUDE_IN_FRAMEWORK_HEADER = YES;
				CLANG_WARN_RANGE_LOOP_ANALYSIS = YES;
				CLANG_WARN_STRICT_PROTOTYPES = YES;
				CLANG_WARN_SUSPICIOUS_MOVE = YES;
				CLANG_WARN_UNGUARDED_AVAILABILITY = YES_AGGRESSIVE;
				CLANG_WARN_UNREACHABLE_CODE = YES;
				CLANG_WARN__DUPLICATE_METHOD_MATCH = YES;
				COPY_PHASE_STRIP = NO;
				DEAD_CODE_STRIPPING = YES;
				DEBUG_INFORMATION_FORMAT = dwarf;
				ENABLE_STRICT_OBJC_MSGSEND = YES;
				ENABLE_TESTABILITY = YES;
				GCC_C_LANGUAGE_STANDARD = gnu11;
				GCC_DYNAMIC_NO_PIC = NO;
				GCC_NO_COMMON_BLOCKS = YES;
				GCC_OPTIMIZATION_LEVEL = 0;
				GCC_PREPROCESSOR_DEFINITIONS = (
					"DEBUG=1",
					"$(inherited)",
				);
				GCC_WARN_64_TO_32_BIT_CONVERSION = YES;
				GCC_WARN_ABOUT_RETURN_TYPE = YES_ERROR;
				GCC_WARN_UNDECLARED_SELECTOR = YES;
				GCC_WARN_UNINITIALIZED_AUTOS = YES_AGGRESSIVE;
				GCC_WARN_UNUSED_FUNCTION = YES;
				GCC_WARN_UNUSED_VARIABLE = YES;
				MACOSX_DEPLOYMENT_TARGET = 12.0;
				MTL_ENABLE_DEBUG_INFO = INCLUDE_SOURCE;
				MTL_FAST_MATH = YES;
				ONLY_ACTIVE_ARCH = YES;
				SDKROOT = macosx;
				SWIFT_ACTIVE_COMPILATION_CONDITIONS = DEBUG;
				SWIFT_OPTIMIZATION_LEVEL = "-Onone";
			};
			name = Debug;
		};
		347D0FB725952F8A002451EC /* Release */ = {
			isa = XCBuildConfiguration;
			buildSettings = {
				ALWAYS_SEARCH_USER_PATHS = NO;
				CLANG_ANALYZER_LOCALIZABILITY_NONLOCALIZED = YES;
				CLANG_ANALYZER_NONNULL = YES;
				CLANG_ANALYZER_NUMBER_OBJECT_CONVERSION = YES_AGGRESSIVE;
				CLANG_CXX_LANGUAGE_STANDARD = "gnu++14";
				CLANG_CXX_LIBRARY = "libc++";
				CLANG_ENABLE_MODULES = YES;
				CLANG_ENABLE_OBJC_ARC = YES;
				CLANG_ENABLE_OBJC_WEAK = YES;
				CLANG_WARN_BLOCK_CAPTURE_AUTORELEASING = YES;
				CLANG_WARN_BOOL_CONVERSION = YES;
				CLANG_WARN_COMMA = YES;
				CLANG_WARN_CONSTANT_CONVERSION = YES;
				CLANG_WARN_DEPRECATED_OBJC_IMPLEMENTATIONS = YES;
				CLANG_WARN_DIRECT_OBJC_ISA_USAGE = YES_ERROR;
				CLANG_WARN_DOCUMENTATION_COMMENTS = YES;
				CLANG_WARN_EMPTY_BODY = YES;
				CLANG_WARN_ENUM_CONVERSION = YES;
				CLANG_WARN_INFINITE_RECURSION = YES;
				CLANG_WARN_INT_CONVERSION = YES;
				CLANG_WARN_NON_LITERAL_NULL_CONVERSION = YES;
				CLANG_WARN_OBJC_IMPLICIT_RETAIN_SELF = YES;
				CLANG_WARN_OBJC_LITERAL_CONVERSION = YES;
				CLANG_WARN_OBJC_ROOT_CLASS = YES_ERROR;
				CLANG_WARN_QUOTED_INCLUDE_IN_FRAMEWORK_HEADER = YES;
				CLANG_WARN_RANGE_LOOP_ANALYSIS = YES;
				CLANG_WARN_STRICT_PROTOTYPES = YES;
				CLANG_WARN_SUSPICIOUS_MOVE = YES;
				CLANG_WARN_UNGUARDED_AVAILABILITY = YES_AGGRESSIVE;
				CLANG_WARN_UNREACHABLE_CODE = YES;
				CLANG_WARN__DUPLICATE_METHOD_MATCH = YES;
				COPY_PHASE_STRIP = NO;
				DEAD_CODE_STRIPPING = YES;
				DEBUG_INFORMATION_FORMAT = "dwarf-with-dsym";
				ENABLE_NS_ASSERTIONS = NO;
				ENABLE_STRICT_OBJC_MSGSEND = YES;
				GCC_C_LANGUAGE_STANDARD = gnu11;
				GCC_NO_COMMON_BLOCKS = YES;
				GCC_WARN_64_TO_32_BIT_CONVERSION = YES;
				GCC_WARN_ABOUT_RETURN_TYPE = YES_ERROR;
				GCC_WARN_UNDECLARED_SELECTOR = YES;
				GCC_WARN_UNINITIALIZED_AUTOS = YES_AGGRESSIVE;
				GCC_WARN_UNUSED_FUNCTION = YES;
				GCC_WARN_UNUSED_VARIABLE = YES;
				MACOSX_DEPLOYMENT_TARGET = 12.0;
				MTL_ENABLE_DEBUG_INFO = NO;
				MTL_FAST_MATH = YES;
				SDKROOT = macosx;
				SWIFT_COMPILATION_MODE = wholemodule;
				SWIFT_OPTIMIZATION_LEVEL = "-O";
			};
			name = Release;
		};
		347D0FB925952F8A002451EC /* Debug */ = {
			isa = XCBuildConfiguration;
			buildSettings = {
				ASSETCATALOG_COMPILER_APPICON_NAME = AppIcon;
				CLANG_ENABLE_MODULES = YES;
				CODE_SIGN_ENTITLEMENTS = Calendr/Config/Calendr.entitlements;
				CODE_SIGN_IDENTITY = "-";
				CODE_SIGN_STYLE = Automatic;
				COMBINE_HIDPI_IMAGES = YES;
				DEAD_CODE_STRIPPING = YES;
				INFOPLIST_FILE = Calendr/Config/Info.plist;
				LD_RUNPATH_SEARCH_PATHS = (
					"$(inherited)",
					"@executable_path/../Frameworks",
				);
				MARKETING_VERSION = 1.7.5;
				PRODUCT_BUNDLE_IDENTIFIER = br.paker.Calendr;
				PRODUCT_NAME = "$(TARGET_NAME)";
				SWIFT_OBJC_BRIDGING_HEADER = "Calendr/Config/Calendr-Bridging-Header.h";
				SWIFT_OPTIMIZATION_LEVEL = "-Onone";
				SWIFT_VERSION = 5.0;
			};
			name = Debug;
		};
		347D0FBA25952F8A002451EC /* Release */ = {
			isa = XCBuildConfiguration;
			buildSettings = {
				ASSETCATALOG_COMPILER_APPICON_NAME = AppIcon;
				CLANG_ENABLE_MODULES = YES;
				CODE_SIGN_ENTITLEMENTS = Calendr/Config/Calendr.entitlements;
				CODE_SIGN_IDENTITY = "-";
				CODE_SIGN_STYLE = Automatic;
				COMBINE_HIDPI_IMAGES = YES;
				DEAD_CODE_STRIPPING = YES;
				INFOPLIST_FILE = Calendr/Config/Info.plist;
				LD_RUNPATH_SEARCH_PATHS = (
					"$(inherited)",
					"@executable_path/../Frameworks",
				);
				MARKETING_VERSION = 1.7.5;
				PRODUCT_BUNDLE_IDENTIFIER = br.paker.Calendr;
				PRODUCT_NAME = "$(TARGET_NAME)";
				SWIFT_OBJC_BRIDGING_HEADER = "Calendr/Config/Calendr-Bridging-Header.h";
				SWIFT_VERSION = 5.0;
			};
			name = Release;
		};
		347D0FBC25952F8A002451EC /* Debug */ = {
			isa = XCBuildConfiguration;
			buildSettings = {
				BUNDLE_LOADER = "$(TEST_HOST)";
				CODE_SIGN_STYLE = Automatic;
				COMBINE_HIDPI_IMAGES = YES;
				DEAD_CODE_STRIPPING = YES;
				INFOPLIST_FILE = CalendrTests/Info.plist;
				LD_RUNPATH_SEARCH_PATHS = (
					"$(inherited)",
					"@executable_path/../Frameworks",
					"@loader_path/../Frameworks",
				);
				PRODUCT_BUNDLE_IDENTIFIER = br.paker.reactive.CalendrTests;
				PRODUCT_NAME = "$(TARGET_NAME)";
				SWIFT_VERSION = 5.0;
				TEST_HOST = "$(BUILT_PRODUCTS_DIR)/Calendr.app/Contents/MacOS/Calendr";
			};
			name = Debug;
		};
		347D0FBD25952F8A002451EC /* Release */ = {
			isa = XCBuildConfiguration;
			buildSettings = {
				BUNDLE_LOADER = "$(TEST_HOST)";
				CODE_SIGN_STYLE = Automatic;
				COMBINE_HIDPI_IMAGES = YES;
				DEAD_CODE_STRIPPING = YES;
				INFOPLIST_FILE = CalendrTests/Info.plist;
				LD_RUNPATH_SEARCH_PATHS = (
					"$(inherited)",
					"@executable_path/../Frameworks",
					"@loader_path/../Frameworks",
				);
				PRODUCT_BUNDLE_IDENTIFIER = br.paker.reactive.CalendrTests;
				PRODUCT_NAME = "$(TARGET_NAME)";
				SWIFT_VERSION = 5.0;
				TEST_HOST = "$(BUILT_PRODUCTS_DIR)/Calendr.app/Contents/MacOS/Calendr";
			};
			name = Release;
		};
/* End XCBuildConfiguration section */

/* Begin XCConfigurationList section */
		3442769E269B5CA4004CFE1C /* Build configuration list for PBXNativeTarget "CalendrUITests" */ = {
			isa = XCConfigurationList;
			buildConfigurations = (
				3442769F269B5CA4004CFE1C /* Debug */,
				344276A0269B5CA4004CFE1C /* Release */,
			);
			defaultConfigurationIsVisible = 0;
			defaultConfigurationName = Release;
		};
		347D0F8F25952F89002451EC /* Build configuration list for PBXProject "Calendr" */ = {
			isa = XCConfigurationList;
			buildConfigurations = (
				347D0FB625952F8A002451EC /* Debug */,
				347D0FB725952F8A002451EC /* Release */,
			);
			defaultConfigurationIsVisible = 0;
			defaultConfigurationName = Release;
		};
		347D0FB825952F8A002451EC /* Build configuration list for PBXNativeTarget "Calendr" */ = {
			isa = XCConfigurationList;
			buildConfigurations = (
				347D0FB925952F8A002451EC /* Debug */,
				347D0FBA25952F8A002451EC /* Release */,
			);
			defaultConfigurationIsVisible = 0;
			defaultConfigurationName = Release;
		};
		347D0FBB25952F8A002451EC /* Build configuration list for PBXNativeTarget "CalendrTests" */ = {
			isa = XCConfigurationList;
			buildConfigurations = (
				347D0FBC25952F8A002451EC /* Debug */,
				347D0FBD25952F8A002451EC /* Release */,
			);
			defaultConfigurationIsVisible = 0;
			defaultConfigurationName = Release;
		};
/* End XCConfigurationList section */

/* Begin XCRemoteSwiftPackageReference section */
		3418207C26755CC80075B3DC /* XCRemoteSwiftPackageReference "RxSwift" */ = {
			isa = XCRemoteSwiftPackageReference;
			repositoryURL = "https://github.com/ReactiveX/RxSwift";
			requirement = {
				kind = upToNextMajorVersion;
				minimumVersion = 6.2.0;
			};
		};
/* End XCRemoteSwiftPackageReference section */

/* Begin XCSwiftPackageProductDependency section */
		3418207D26755CC80075B3DC /* RxSwift */ = {
			isa = XCSwiftPackageProductDependency;
			package = 3418207C26755CC80075B3DC /* XCRemoteSwiftPackageReference "RxSwift" */;
			productName = RxSwift;
		};
		3418207F26755CC80075B3DC /* RxTest */ = {
			isa = XCSwiftPackageProductDependency;
			package = 3418207C26755CC80075B3DC /* XCRemoteSwiftPackageReference "RxSwift" */;
			productName = RxTest;
		};
		3418208326755CC80075B3DC /* RxCocoa */ = {
			isa = XCSwiftPackageProductDependency;
			package = 3418207C26755CC80075B3DC /* XCRemoteSwiftPackageReference "RxSwift" */;
			productName = RxCocoa;
		};
/* End XCSwiftPackageProductDependency section */
	};
	rootObject = 347D0F8C25952F89002451EC /* Project object */;
}
